
Microsoft Visual Studio Solution File, Format Version 12.00
# Visual Studio 15
VisualStudioVersion = 15.0.26430.6
MinimumVisualStudioVersion = 10.0.40219.1
Project("{FAE04EC0-301F-11D3-BF4B-00C04F79EFBC}") = "PopditTest", "PopditTest\PopditTest.csproj", "{699748ED-487F-4B57-8232-B349C7C169EF}"
EndProject
Project("{FAE04EC0-301F-11D3-BF4B-00C04F79EFBC}") = "PopditWeb", "PopditWeb\PopditWeb.csproj", "{D989A7D1-33EB-44D3-9E1E-8C2102B98C09}"
EndProject
Project("{FAE04EC0-301F-11D3-BF4B-00C04F79EFBC}") = "PopditCore", "PopditCore\PopditCore.csproj", "{AC5BC459-F01E-40AA-97AF-2FA23FDFEA82}"
EndProject
Project("{FAE04EC0-301F-11D3-BF4B-00C04F79EFBC}") = "PopditPop", "PopditPop\PopditPop.csproj", "{D5B130D2-7F8A-44E5-AF6F-974923BBC8AE}"
EndProject
Global
	GlobalSection(SolutionConfigurationPlatforms) = preSolution
		Ad-Hoc|Any CPU = Ad-Hoc|Any CPU
		Ad-Hoc|ARM = Ad-Hoc|ARM
		Ad-Hoc|iPhone = Ad-Hoc|iPhone
		Ad-Hoc|iPhoneSimulator = Ad-Hoc|iPhoneSimulator
		Ad-Hoc|x64 = Ad-Hoc|x64
		Ad-Hoc|x86 = Ad-Hoc|x86
		AppStore|Any CPU = AppStore|Any CPU
		AppStore|ARM = AppStore|ARM
		AppStore|iPhone = AppStore|iPhone
		AppStore|iPhoneSimulator = AppStore|iPhoneSimulator
		AppStore|x64 = AppStore|x64
		AppStore|x86 = AppStore|x86
		Debug|Any CPU = Debug|Any CPU
		Debug|ARM = Debug|ARM
		Debug|iPhone = Debug|iPhone
		Debug|iPhoneSimulator = Debug|iPhoneSimulator
		Debug|x64 = Debug|x64
		Debug|x86 = Debug|x86
		Release|Any CPU = Release|Any CPU
		Release|ARM = Release|ARM
		Release|iPhone = Release|iPhone
		Release|iPhoneSimulator = Release|iPhoneSimulator
		Release|x64 = Release|x64
		Release|x86 = Release|x86
	EndGlobalSection
	GlobalSection(ProjectConfigurationPlatforms) = postSolution
		{699748ED-487F-4B57-8232-B349C7C169EF}.Ad-Hoc|Any CPU.ActiveCfg = Release|Any CPU
		{699748ED-487F-4B57-8232-B349C7C169EF}.Ad-Hoc|Any CPU.Build.0 = Release|Any CPU
		{699748ED-487F-4B57-8232-B349C7C169EF}.Ad-Hoc|ARM.ActiveCfg = Release|Any CPU
		{699748ED-487F-4B57-8232-B349C7C169EF}.Ad-Hoc|ARM.Build.0 = Release|Any CPU
		{699748ED-487F-4B57-8232-B349C7C169EF}.Ad-Hoc|iPhone.ActiveCfg = Release|Any CPU
		{699748ED-487F-4B57-8232-B349C7C169EF}.Ad-Hoc|iPhone.Build.0 = Release|Any CPU
		{699748ED-487F-4B57-8232-B349C7C169EF}.Ad-Hoc|iPhoneSimulator.ActiveCfg = Release|Any CPU
		{699748ED-487F-4B57-8232-B349C7C169EF}.Ad-Hoc|iPhoneSimulator.Build.0 = Release|Any CPU
		{699748ED-487F-4B57-8232-B349C7C169EF}.Ad-Hoc|x64.ActiveCfg = Release|Any CPU
		{699748ED-487F-4B57-8232-B349C7C169EF}.Ad-Hoc|x64.Build.0 = Release|Any CPU
		{699748ED-487F-4B57-8232-B349C7C169EF}.Ad-Hoc|x86.ActiveCfg = Release|Any CPU
		{699748ED-487F-4B57-8232-B349C7C169EF}.Ad-Hoc|x86.Build.0 = Release|Any CPU
		{699748ED-487F-4B57-8232-B349C7C169EF}.AppStore|Any CPU.ActiveCfg = Release|Any CPU
		{699748ED-487F-4B57-8232-B349C7C169EF}.AppStore|Any CPU.Build.0 = Release|Any CPU
		{699748ED-487F-4B57-8232-B349C7C169EF}.AppStore|ARM.ActiveCfg = Release|Any CPU
		{699748ED-487F-4B57-8232-B349C7C169EF}.AppStore|ARM.Build.0 = Release|Any CPU
		{699748ED-487F-4B57-8232-B349C7C169EF}.AppStore|iPhone.ActiveCfg = Release|Any CPU
		{699748ED-487F-4B57-8232-B349C7C169EF}.AppStore|iPhone.Build.0 = Release|Any CPU
		{699748ED-487F-4B57-8232-B349C7C169EF}.AppStore|iPhoneSimulator.ActiveCfg = Release|Any CPU
		{699748ED-487F-4B57-8232-B349C7C169EF}.AppStore|iPhoneSimulator.Build.0 = Release|Any CPU
		{699748ED-487F-4B57-8232-B349C7C169EF}.AppStore|x64.ActiveCfg = Release|Any CPU
		{699748ED-487F-4B57-8232-B349C7C169EF}.AppStore|x64.Build.0 = Release|Any CPU
		{699748ED-487F-4B57-8232-B349C7C169EF}.AppStore|x86.ActiveCfg = Release|Any CPU
		{699748ED-487F-4B57-8232-B349C7C169EF}.AppStore|x86.Build.0 = Release|Any CPU
		{699748ED-487F-4B57-8232-B349C7C169EF}.Debug|Any CPU.ActiveCfg = Debug|Any CPU
		{699748ED-487F-4B57-8232-B349C7C169EF}.Debug|Any CPU.Build.0 = Debug|Any CPU
		{699748ED-487F-4B57-8232-B349C7C169EF}.Debug|ARM.ActiveCfg = Debug|Any CPU
		{699748ED-487F-4B57-8232-B349C7C169EF}.Debug|ARM.Build.0 = Debug|Any CPU
		{699748ED-487F-4B57-8232-B349C7C169EF}.Debug|iPhone.ActiveCfg = Debug|Any CPU
		{699748ED-487F-4B57-8232-B349C7C169EF}.Debug|iPhone.Build.0 = Debug|Any CPU
		{699748ED-487F-4B57-8232-B349C7C169EF}.Debug|iPhoneSimulator.ActiveCfg = Debug|Any CPU
		{699748ED-487F-4B57-8232-B349C7C169EF}.Debug|iPhoneSimulator.Build.0 = Debug|Any CPU
		{699748ED-487F-4B57-8232-B349C7C169EF}.Debug|x64.ActiveCfg = Debug|Any CPU
		{699748ED-487F-4B57-8232-B349C7C169EF}.Debug|x64.Build.0 = Debug|Any CPU
		{699748ED-487F-4B57-8232-B349C7C169EF}.Debug|x86.ActiveCfg = Debug|Any CPU
		{699748ED-487F-4B57-8232-B349C7C169EF}.Debug|x86.Build.0 = Debug|Any CPU
		{699748ED-487F-4B57-8232-B349C7C169EF}.Release|Any CPU.ActiveCfg = Release|Any CPU
		{699748ED-487F-4B57-8232-B349C7C169EF}.Release|Any CPU.Build.0 = Release|Any CPU
		{699748ED-487F-4B57-8232-B349C7C169EF}.Release|ARM.ActiveCfg = Release|Any CPU
		{699748ED-487F-4B57-8232-B349C7C169EF}.Release|ARM.Build.0 = Release|Any CPU
		{699748ED-487F-4B57-8232-B349C7C169EF}.Release|iPhone.ActiveCfg = Release|Any CPU
		{699748ED-487F-4B57-8232-B349C7C169EF}.Release|iPhone.Build.0 = Release|Any CPU
		{699748ED-487F-4B57-8232-B349C7C169EF}.Release|iPhoneSimulator.ActiveCfg = Release|Any CPU
		{699748ED-487F-4B57-8232-B349C7C169EF}.Release|iPhoneSimulator.Build.0 = Release|Any CPU
		{699748ED-487F-4B57-8232-B349C7C169EF}.Release|x64.ActiveCfg = Release|Any CPU
		{699748ED-487F-4B57-8232-B349C7C169EF}.Release|x64.Build.0 = Release|Any CPU
		{699748ED-487F-4B57-8232-B349C7C169EF}.Release|x86.ActiveCfg = Release|Any CPU
		{699748ED-487F-4B57-8232-B349C7C169EF}.Release|x86.Build.0 = Release|Any CPU
		{D989A7D1-33EB-44D3-9E1E-8C2102B98C09}.Ad-Hoc|Any CPU.ActiveCfg = Release|Any CPU
		{D989A7D1-33EB-44D3-9E1E-8C2102B98C09}.Ad-Hoc|Any CPU.Build.0 = Release|Any CPU
		{D989A7D1-33EB-44D3-9E1E-8C2102B98C09}.Ad-Hoc|ARM.ActiveCfg = Release|Any CPU
		{D989A7D1-33EB-44D3-9E1E-8C2102B98C09}.Ad-Hoc|ARM.Build.0 = Release|Any CPU
		{D989A7D1-33EB-44D3-9E1E-8C2102B98C09}.Ad-Hoc|iPhone.ActiveCfg = Release|Any CPU
		{D989A7D1-33EB-44D3-9E1E-8C2102B98C09}.Ad-Hoc|iPhone.Build.0 = Release|Any CPU
		{D989A7D1-33EB-44D3-9E1E-8C2102B98C09}.Ad-Hoc|iPhoneSimulator.ActiveCfg = Release|Any CPU
		{D989A7D1-33EB-44D3-9E1E-8C2102B98C09}.Ad-Hoc|iPhoneSimulator.Build.0 = Release|Any CPU
		{D989A7D1-33EB-44D3-9E1E-8C2102B98C09}.Ad-Hoc|x64.ActiveCfg = Release|Any CPU
		{D989A7D1-33EB-44D3-9E1E-8C2102B98C09}.Ad-Hoc|x64.Build.0 = Release|Any CPU
		{D989A7D1-33EB-44D3-9E1E-8C2102B98C09}.Ad-Hoc|x86.ActiveCfg = Release|Any CPU
		{D989A7D1-33EB-44D3-9E1E-8C2102B98C09}.Ad-Hoc|x86.Build.0 = Release|Any CPU
		{D989A7D1-33EB-44D3-9E1E-8C2102B98C09}.AppStore|Any CPU.ActiveCfg = Release|Any CPU
		{D989A7D1-33EB-44D3-9E1E-8C2102B98C09}.AppStore|Any CPU.Build.0 = Release|Any CPU
		{D989A7D1-33EB-44D3-9E1E-8C2102B98C09}.AppStore|ARM.ActiveCfg = Release|Any CPU
		{D989A7D1-33EB-44D3-9E1E-8C2102B98C09}.AppStore|ARM.Build.0 = Release|Any CPU
		{D989A7D1-33EB-44D3-9E1E-8C2102B98C09}.AppStore|iPhone.ActiveCfg = Release|Any CPU
		{D989A7D1-33EB-44D3-9E1E-8C2102B98C09}.AppStore|iPhone.Build.0 = Release|Any CPU
		{D989A7D1-33EB-44D3-9E1E-8C2102B98C09}.AppStore|iPhoneSimulator.ActiveCfg = Release|Any CPU
		{D989A7D1-33EB-44D3-9E1E-8C2102B98C09}.AppStore|iPhoneSimulator.Build.0 = Release|Any CPU
		{D989A7D1-33EB-44D3-9E1E-8C2102B98C09}.AppStore|x64.ActiveCfg = Release|Any CPU
		{D989A7D1-33EB-44D3-9E1E-8C2102B98C09}.AppStore|x64.Build.0 = Release|Any CPU
		{D989A7D1-33EB-44D3-9E1E-8C2102B98C09}.AppStore|x86.ActiveCfg = Release|Any CPU
		{D989A7D1-33EB-44D3-9E1E-8C2102B98C09}.AppStore|x86.Build.0 = Release|Any CPU
		{D989A7D1-33EB-44D3-9E1E-8C2102B98C09}.Debug|Any CPU.ActiveCfg = Debug|Any CPU
		{D989A7D1-33EB-44D3-9E1E-8C2102B98C09}.Debug|Any CPU.Build.0 = Debug|Any CPU
		{D989A7D1-33EB-44D3-9E1E-8C2102B98C09}.Debug|ARM.ActiveCfg = Debug|Any CPU
		{D989A7D1-33EB-44D3-9E1E-8C2102B98C09}.Debug|ARM.Build.0 = Debug|Any CPU
		{D989A7D1-33EB-44D3-9E1E-8C2102B98C09}.Debug|iPhone.ActiveCfg = Debug|Any CPU
		{D989A7D1-33EB-44D3-9E1E-8C2102B98C09}.Debug|iPhone.Build.0 = Debug|Any CPU
		{D989A7D1-33EB-44D3-9E1E-8C2102B98C09}.Debug|iPhoneSimulator.ActiveCfg = Debug|Any CPU
		{D989A7D1-33EB-44D3-9E1E-8C2102B98C09}.Debug|iPhoneSimulator.Build.0 = Debug|Any CPU
		{D989A7D1-33EB-44D3-9E1E-8C2102B98C09}.Debug|x64.ActiveCfg = Debug|Any CPU
		{D989A7D1-33EB-44D3-9E1E-8C2102B98C09}.Debug|x64.Build.0 = Debug|Any CPU
		{D989A7D1-33EB-44D3-9E1E-8C2102B98C09}.Debug|x86.ActiveCfg = Debug|Any CPU
		{D989A7D1-33EB-44D3-9E1E-8C2102B98C09}.Debug|x86.Build.0 = Debug|Any CPU
		{D989A7D1-33EB-44D3-9E1E-8C2102B98C09}.Release|Any CPU.ActiveCfg = Release|Any CPU
		{D989A7D1-33EB-44D3-9E1E-8C2102B98C09}.Release|Any CPU.Build.0 = Release|Any CPU
		{D989A7D1-33EB-44D3-9E1E-8C2102B98C09}.Release|ARM.ActiveCfg = Release|Any CPU
		{D989A7D1-33EB-44D3-9E1E-8C2102B98C09}.Release|ARM.Build.0 = Release|Any CPU
		{D989A7D1-33EB-44D3-9E1E-8C2102B98C09}.Release|iPhone.ActiveCfg = Release|Any CPU
		{D989A7D1-33EB-44D3-9E1E-8C2102B98C09}.Release|iPhone.Build.0 = Release|Any CPU
		{D989A7D1-33EB-44D3-9E1E-8C2102B98C09}.Release|iPhoneSimulator.ActiveCfg = Release|Any CPU
		{D989A7D1-33EB-44D3-9E1E-8C2102B98C09}.Release|iPhoneSimulator.Build.0 = Release|Any CPU
		{D989A7D1-33EB-44D3-9E1E-8C2102B98C09}.Release|x64.ActiveCfg = Release|Any CPU
		{D989A7D1-33EB-44D3-9E1E-8C2102B98C09}.Release|x64.Build.0 = Release|Any CPU
		{D989A7D1-33EB-44D3-9E1E-8C2102B98C09}.Release|x86.ActiveCfg = Release|Any CPU
		{D989A7D1-33EB-44D3-9E1E-8C2102B98C09}.Release|x86.Build.0 = Release|Any CPU
		{AC5BC459-F01E-40AA-97AF-2FA23FDFEA82}.Ad-Hoc|Any CPU.ActiveCfg = Release|Any CPU
		{AC5BC459-F01E-40AA-97AF-2FA23FDFEA82}.Ad-Hoc|Any CPU.Build.0 = Release|Any CPU
		{AC5BC459-F01E-40AA-97AF-2FA23FDFEA82}.Ad-Hoc|ARM.ActiveCfg = Release|Any CPU
		{AC5BC459-F01E-40AA-97AF-2FA23FDFEA82}.Ad-Hoc|ARM.Build.0 = Release|Any CPU
		{AC5BC459-F01E-40AA-97AF-2FA23FDFEA82}.Ad-Hoc|iPhone.ActiveCfg = Release|Any CPU
		{AC5BC459-F01E-40AA-97AF-2FA23FDFEA82}.Ad-Hoc|iPhone.Build.0 = Release|Any CPU
		{AC5BC459-F01E-40AA-97AF-2FA23FDFEA82}.Ad-Hoc|iPhoneSimulator.ActiveCfg = Release|Any CPU
		{AC5BC459-F01E-40AA-97AF-2FA23FDFEA82}.Ad-Hoc|iPhoneSimulator.Build.0 = Release|Any CPU
		{AC5BC459-F01E-40AA-97AF-2FA23FDFEA82}.Ad-Hoc|x64.ActiveCfg = Release|Any CPU
		{AC5BC459-F01E-40AA-97AF-2FA23FDFEA82}.Ad-Hoc|x64.Build.0 = Release|Any CPU
		{AC5BC459-F01E-40AA-97AF-2FA23FDFEA82}.Ad-Hoc|x86.ActiveCfg = Release|Any CPU
		{AC5BC459-F01E-40AA-97AF-2FA23FDFEA82}.Ad-Hoc|x86.Build.0 = Release|Any CPU
		{AC5BC459-F01E-40AA-97AF-2FA23FDFEA82}.AppStore|Any CPU.ActiveCfg = Release|Any CPU
		{AC5BC459-F01E-40AA-97AF-2FA23FDFEA82}.AppStore|Any CPU.Build.0 = Release|Any CPU
		{AC5BC459-F01E-40AA-97AF-2FA23FDFEA82}.AppStore|ARM.ActiveCfg = Release|Any CPU
		{AC5BC459-F01E-40AA-97AF-2FA23FDFEA82}.AppStore|ARM.Build.0 = Release|Any CPU
		{AC5BC459-F01E-40AA-97AF-2FA23FDFEA82}.AppStore|iPhone.ActiveCfg = Release|Any CPU
		{AC5BC459-F01E-40AA-97AF-2FA23FDFEA82}.AppStore|iPhone.Build.0 = Release|Any CPU
		{AC5BC459-F01E-40AA-97AF-2FA23FDFEA82}.AppStore|iPhoneSimulator.ActiveCfg = Release|Any CPU
		{AC5BC459-F01E-40AA-97AF-2FA23FDFEA82}.AppStore|iPhoneSimulator.Build.0 = Release|Any CPU
		{AC5BC459-F01E-40AA-97AF-2FA23FDFEA82}.AppStore|x64.ActiveCfg = Release|Any CPU
		{AC5BC459-F01E-40AA-97AF-2FA23FDFEA82}.AppStore|x64.Build.0 = Release|Any CPU
		{AC5BC459-F01E-40AA-97AF-2FA23FDFEA82}.AppStore|x86.ActiveCfg = Release|Any CPU
		{AC5BC459-F01E-40AA-97AF-2FA23FDFEA82}.AppStore|x86.Build.0 = Release|Any CPU
		{AC5BC459-F01E-40AA-97AF-2FA23FDFEA82}.Debug|Any CPU.ActiveCfg = Debug|Any CPU
		{AC5BC459-F01E-40AA-97AF-2FA23FDFEA82}.Debug|Any CPU.Build.0 = Debug|Any CPU
		{AC5BC459-F01E-40AA-97AF-2FA23FDFEA82}.Debug|ARM.ActiveCfg = Debug|Any CPU
		{AC5BC459-F01E-40AA-97AF-2FA23FDFEA82}.Debug|ARM.Build.0 = Debug|Any CPU
		{AC5BC459-F01E-40AA-97AF-2FA23FDFEA82}.Debug|iPhone.ActiveCfg = Debug|Any CPU
		{AC5BC459-F01E-40AA-97AF-2FA23FDFEA82}.Debug|iPhone.Build.0 = Debug|Any CPU
		{AC5BC459-F01E-40AA-97AF-2FA23FDFEA82}.Debug|iPhoneSimulator.ActiveCfg = Debug|Any CPU
		{AC5BC459-F01E-40AA-97AF-2FA23FDFEA82}.Debug|iPhoneSimulator.Build.0 = Debug|Any CPU
		{AC5BC459-F01E-40AA-97AF-2FA23FDFEA82}.Debug|x64.ActiveCfg = Debug|Any CPU
		{AC5BC459-F01E-40AA-97AF-2FA23FDFEA82}.Debug|x64.Build.0 = Debug|Any CPU
		{AC5BC459-F01E-40AA-97AF-2FA23FDFEA82}.Debug|x86.ActiveCfg = Debug|Any CPU
		{AC5BC459-F01E-40AA-97AF-2FA23FDFEA82}.Debug|x86.Build.0 = Debug|Any CPU
		{AC5BC459-F01E-40AA-97AF-2FA23FDFEA82}.Release|Any CPU.ActiveCfg = Release|Any CPU
		{AC5BC459-F01E-40AA-97AF-2FA23FDFEA82}.Release|Any CPU.Build.0 = Release|Any CPU
		{AC5BC459-F01E-40AA-97AF-2FA23FDFEA82}.Release|ARM.ActiveCfg = Release|Any CPU
		{AC5BC459-F01E-40AA-97AF-2FA23FDFEA82}.Release|ARM.Build.0 = Release|Any CPU
		{AC5BC459-F01E-40AA-97AF-2FA23FDFEA82}.Release|iPhone.ActiveCfg = Release|Any CPU
		{AC5BC459-F01E-40AA-97AF-2FA23FDFEA82}.Release|iPhone.Build.0 = Release|Any CPU
		{AC5BC459-F01E-40AA-97AF-2FA23FDFEA82}.Release|iPhoneSimulator.ActiveCfg = Release|Any CPU
		{AC5BC459-F01E-40AA-97AF-2FA23FDFEA82}.Release|iPhoneSimulator.Build.0 = Release|Any CPU
		{AC5BC459-F01E-40AA-97AF-2FA23FDFEA82}.Release|x64.ActiveCfg = Release|Any CPU
		{AC5BC459-F01E-40AA-97AF-2FA23FDFEA82}.Release|x64.Build.0 = Release|Any CPU
		{AC5BC459-F01E-40AA-97AF-2FA23FDFEA82}.Release|x86.ActiveCfg = Release|Any CPU
		{AC5BC459-F01E-40AA-97AF-2FA23FDFEA82}.Release|x86.Build.0 = Release|Any CPU
		{D5B130D2-7F8A-44E5-AF6F-974923BBC8AE}.Ad-Hoc|Any CPU.ActiveCfg = Release|Any CPU
		{D5B130D2-7F8A-44E5-AF6F-974923BBC8AE}.Ad-Hoc|Any CPU.Build.0 = Release|Any CPU
		{D5B130D2-7F8A-44E5-AF6F-974923BBC8AE}.Ad-Hoc|ARM.ActiveCfg = Release|Any CPU
		{D5B130D2-7F8A-44E5-AF6F-974923BBC8AE}.Ad-Hoc|ARM.Build.0 = Release|Any CPU
		{D5B130D2-7F8A-44E5-AF6F-974923BBC8AE}.Ad-Hoc|iPhone.ActiveCfg = Release|Any CPU
		{D5B130D2-7F8A-44E5-AF6F-974923BBC8AE}.Ad-Hoc|iPhone.Build.0 = Release|Any CPU
		{D5B130D2-7F8A-44E5-AF6F-974923BBC8AE}.Ad-Hoc|iPhoneSimulator.ActiveCfg = Release|Any CPU
		{D5B130D2-7F8A-44E5-AF6F-974923BBC8AE}.Ad-Hoc|iPhoneSimulator.Build.0 = Release|Any CPU
		{D5B130D2-7F8A-44E5-AF6F-974923BBC8AE}.Ad-Hoc|x64.ActiveCfg = Release|Any CPU
		{D5B130D2-7F8A-44E5-AF6F-974923BBC8AE}.Ad-Hoc|x64.Build.0 = Release|Any CPU
		{D5B130D2-7F8A-44E5-AF6F-974923BBC8AE}.Ad-Hoc|x86.ActiveCfg = Release|Any CPU
		{D5B130D2-7F8A-44E5-AF6F-974923BBC8AE}.Ad-Hoc|x86.Build.0 = Release|Any CPU
		{D5B130D2-7F8A-44E5-AF6F-974923BBC8AE}.AppStore|Any CPU.ActiveCfg = Release|Any CPU
		{D5B130D2-7F8A-44E5-AF6F-974923BBC8AE}.AppStore|Any CPU.Build.0 = Release|Any CPU
		{D5B130D2-7F8A-44E5-AF6F-974923BBC8AE}.AppStore|ARM.ActiveCfg = Release|Any CPU
		{D5B130D2-7F8A-44E5-AF6F-974923BBC8AE}.AppStore|ARM.Build.0 = Release|Any CPU
		{D5B130D2-7F8A-44E5-AF6F-974923BBC8AE}.AppStore|iPhone.ActiveCfg = Release|Any CPU
		{D5B130D2-7F8A-44E5-AF6F-974923BBC8AE}.AppStore|iPhone.Build.0 = Release|Any CPU
		{D5B130D2-7F8A-44E5-AF6F-974923BBC8AE}.AppStore|iPhoneSimulator.ActiveCfg = Release|Any CPU
		{D5B130D2-7F8A-44E5-AF6F-974923BBC8AE}.AppStore|iPhoneSimulator.Build.0 = Release|Any CPU
		{D5B130D2-7F8A-44E5-AF6F-974923BBC8AE}.AppStore|x64.ActiveCfg = Release|Any CPU
		{D5B130D2-7F8A-44E5-AF6F-974923BBC8AE}.AppStore|x64.Build.0 = Release|Any CPU
		{D5B130D2-7F8A-44E5-AF6F-974923BBC8AE}.AppStore|x86.ActiveCfg = Release|Any CPU
		{D5B130D2-7F8A-44E5-AF6F-974923BBC8AE}.AppStore|x86.Build.0 = Release|Any CPU
		{D5B130D2-7F8A-44E5-AF6F-974923BBC8AE}.Debug|Any CPU.ActiveCfg = Debug|Any CPU
		{D5B130D2-7F8A-44E5-AF6F-974923BBC8AE}.Debug|Any CPU.Build.0 = Debug|Any CPU
		{D5B130D2-7F8A-44E5-AF6F-974923BBC8AE}.Debug|ARM.ActiveCfg = Debug|Any CPU
		{D5B130D2-7F8A-44E5-AF6F-974923BBC8AE}.Debug|ARM.Build.0 = Debug|Any CPU
		{D5B130D2-7F8A-44E5-AF6F-974923BBC8AE}.Debug|iPhone.ActiveCfg = Debug|Any CPU
		{D5B130D2-7F8A-44E5-AF6F-974923BBC8AE}.Debug|iPhone.Build.0 = Debug|Any CPU
		{D5B130D2-7F8A-44E5-AF6F-974923BBC8AE}.Debug|iPhoneSimulator.ActiveCfg = Debug|Any CPU
		{D5B130D2-7F8A-44E5-AF6F-974923BBC8AE}.Debug|iPhoneSimulator.Build.0 = Debug|Any CPU
		{D5B130D2-7F8A-44E5-AF6F-974923BBC8AE}.Debug|x64.ActiveCfg = Debug|Any CPU
		{D5B130D2-7F8A-44E5-AF6F-974923BBC8AE}.Debug|x64.Build.0 = Debug|Any CPU
		{D5B130D2-7F8A-44E5-AF6F-974923BBC8AE}.Debug|x86.ActiveCfg = Debug|Any CPU
		{D5B130D2-7F8A-44E5-AF6F-974923BBC8AE}.Debug|x86.Build.0 = Debug|Any CPU
		{D5B130D2-7F8A-44E5-AF6F-974923BBC8AE}.Release|Any CPU.ActiveCfg = Release|Any CPU
		{D5B130D2-7F8A-44E5-AF6F-974923BBC8AE}.Release|Any CPU.Build.0 = Release|Any CPU
		{D5B130D2-7F8A-44E5-AF6F-974923BBC8AE}.Release|ARM.ActiveCfg = Release|Any CPU
		{D5B130D2-7F8A-44E5-AF6F-974923BBC8AE}.Release|ARM.Build.0 = Release|Any CPU
		{D5B130D2-7F8A-44E5-AF6F-974923BBC8AE}.Release|iPhone.ActiveCfg = Release|Any CPU
		{D5B130D2-7F8A-44E5-AF6F-974923BBC8AE}.Release|iPhone.Build.0 = Release|Any CPU
		{D5B130D2-7F8A-44E5-AF6F-974923BBC8AE}.Release|iPhoneSimulator.ActiveCfg = Release|Any CPU
		{D5B130D2-7F8A-44E5-AF6F-974923BBC8AE}.Release|iPhoneSimulator.Build.0 = Release|Any CPU
		{D5B130D2-7F8A-44E5-AF6F-974923BBC8AE}.Release|x64.ActiveCfg = Release|Any CPU
		{D5B130D2-7F8A-44E5-AF6F-974923BBC8AE}.Release|x64.Build.0 = Release|Any CPU
		{D5B130D2-7F8A-44E5-AF6F-974923BBC8AE}.Release|x86.ActiveCfg = Release|Any CPU
		{D5B130D2-7F8A-44E5-AF6F-974923BBC8AE}.Release|x86.Build.0 = Release|Any CPU
	EndGlobalSection
	GlobalSection(SolutionProperties) = preSolution
		HideSolutionNode = FALSE
	EndGlobalSection
EndGlobal
