
Microsoft Visual Studio Solution File, Format Version 12.00
# Visual Studio 15
VisualStudioVersion = 15.0.26430.6
MinimumVisualStudioVersion = 10.0.40219.1
Project("{FAE04EC0-301F-11D3-BF4B-00C04F79EFBC}") = "PopditWeb", "PopditWeb\PopditWeb.csproj", "{D989A7D1-33EB-44D3-9E1E-8C2102B98C09}"
EndProject
Project("{FAE04EC0-301F-11D3-BF4B-00C04F79EFBC}") = "PopditCore", "PopditCore\PopditCore.csproj", "{AC5BC459-F01E-40AA-97AF-2FA23FDFEA82}"
EndProject
Project("{FAE04EC0-301F-11D3-BF4B-00C04F79EFBC}") = "PopditPop", "PopditPop\PopditPop.csproj", "{D5B130D2-7F8A-44E5-AF6F-974923BBC8AE}"
EndProject
Project("{D954291E-2A0B-460D-934E-DC6B0785DB48}") = "PopditMobile", "PopditMobile\PopditMobile\PopditMobile.shproj", "{48D1258F-B16A-4C68-A7EC-DBECDF5A422F}"
EndProject
Project("{FAE04EC0-301F-11D3-BF4B-00C04F79EFBC}") = "PopditMobile.Android", "PopditMobile\PopditMobile.Android\PopditMobile.Android.csproj", "{84749F74-6311-4C2F-A652-DD09B72937D5}"
EndProject
Project("{FAE04EC0-301F-11D3-BF4B-00C04F79EFBC}") = "PopditMobile.iOS", "PopditMobile\PopditMobile.iOS\PopditMobile.iOS.csproj", "{442BC7D0-6CA5-4FAF-A9A2-5E1093F2FDEE}"
EndProject
Global
	GlobalSection(SharedMSBuildProjectFiles) = preSolution
		PopditMobile\PopditMobile\PopditMobile.projitems*{442bc7d0-6ca5-4faf-a9a2-5e1093f2fdee}*SharedItemsImports = 4
		PopditMobile\PopditMobile\PopditMobile.projitems*{48d1258f-b16a-4c68-a7ec-dbecdf5a422f}*SharedItemsImports = 13
		PopditMobile\PopditMobile\PopditMobile.projitems*{84749f74-6311-4c2f-a652-dd09b72937d5}*SharedItemsImports = 4
	EndGlobalSection
	GlobalSection(SolutionConfigurationPlatforms) = preSolution
		Ad-Hoc|Any CPU = Ad-Hoc|Any CPU
		Ad-Hoc|ARM = Ad-Hoc|ARM
		Ad-Hoc|iPhone = Ad-Hoc|iPhone
		Ad-Hoc|iPhoneSimulator = Ad-Hoc|iPhoneSimulator
		Ad-Hoc|x64 = Ad-Hoc|x64
		Ad-Hoc|x86 = Ad-Hoc|x86
		AppStore|Any CPU = AppStore|Any CPU
		AppStore|ARM = AppStore|ARM
		AppStore|iPhone = AppStore|iPhone
		AppStore|iPhoneSimulator = AppStore|iPhoneSimulator
		AppStore|x64 = AppStore|x64
		AppStore|x86 = AppStore|x86
		Debug|Any CPU = Debug|Any CPU
		Debug|ARM = Debug|ARM
		Debug|iPhone = Debug|iPhone
		Debug|iPhoneSimulator = Debug|iPhoneSimulator
		Debug|x64 = Debug|x64
		Debug|x86 = Debug|x86
		Release|Any CPU = Release|Any CPU
		Release|ARM = Release|ARM
		Release|iPhone = Release|iPhone
		Release|iPhoneSimulator = Release|iPhoneSimulator
		Release|x64 = Release|x64
		Release|x86 = Release|x86
	EndGlobalSection
	GlobalSection(ProjectConfigurationPlatforms) = postSolution
		{D989A7D1-33EB-44D3-9E1E-8C2102B98C09}.Ad-Hoc|Any CPU.ActiveCfg = Release|Any CPU
		{D989A7D1-33EB-44D3-9E1E-8C2102B98C09}.Ad-Hoc|Any CPU.Build.0 = Release|Any CPU
		{D989A7D1-33EB-44D3-9E1E-8C2102B98C09}.Ad-Hoc|ARM.ActiveCfg = Release|Any CPU
		{D989A7D1-33EB-44D3-9E1E-8C2102B98C09}.Ad-Hoc|ARM.Build.0 = Release|Any CPU
		{D989A7D1-33EB-44D3-9E1E-8C2102B98C09}.Ad-Hoc|iPhone.ActiveCfg = Release|Any CPU
		{D989A7D1-33EB-44D3-9E1E-8C2102B98C09}.Ad-Hoc|iPhone.Build.0 = Release|Any CPU
		{D989A7D1-33EB-44D3-9E1E-8C2102B98C09}.Ad-Hoc|iPhoneSimulator.ActiveCfg = Release|Any CPU
		{D989A7D1-33EB-44D3-9E1E-8C2102B98C09}.Ad-Hoc|iPhoneSimulator.Build.0 = Release|Any CPU
		{D989A7D1-33EB-44D3-9E1E-8C2102B98C09}.Ad-Hoc|x64.ActiveCfg = Release|Any CPU
		{D989A7D1-33EB-44D3-9E1E-8C2102B98C09}.Ad-Hoc|x64.Build.0 = Release|Any CPU
		{D989A7D1-33EB-44D3-9E1E-8C2102B98C09}.Ad-Hoc|x86.ActiveCfg = Release|Any CPU
		{D989A7D1-33EB-44D3-9E1E-8C2102B98C09}.Ad-Hoc|x86.Build.0 = Release|Any CPU
		{D989A7D1-33EB-44D3-9E1E-8C2102B98C09}.AppStore|Any CPU.ActiveCfg = Release|Any CPU
		{D989A7D1-33EB-44D3-9E1E-8C2102B98C09}.AppStore|Any CPU.Build.0 = Release|Any CPU
		{D989A7D1-33EB-44D3-9E1E-8C2102B98C09}.AppStore|ARM.ActiveCfg = Release|Any CPU
		{D989A7D1-33EB-44D3-9E1E-8C2102B98C09}.AppStore|ARM.Build.0 = Release|Any CPU
		{D989A7D1-33EB-44D3-9E1E-8C2102B98C09}.AppStore|iPhone.ActiveCfg = Release|Any CPU
		{D989A7D1-33EB-44D3-9E1E-8C2102B98C09}.AppStore|iPhone.Build.0 = Release|Any CPU
		{D989A7D1-33EB-44D3-9E1E-8C2102B98C09}.AppStore|iPhoneSimulator.ActiveCfg = Release|Any CPU
		{D989A7D1-33EB-44D3-9E1E-8C2102B98C09}.AppStore|iPhoneSimulator.Build.0 = Release|Any CPU
		{D989A7D1-33EB-44D3-9E1E-8C2102B98C09}.AppStore|x64.ActiveCfg = Release|Any CPU
		{D989A7D1-33EB-44D3-9E1E-8C2102B98C09}.AppStore|x64.Build.0 = Release|Any CPU
		{D989A7D1-33EB-44D3-9E1E-8C2102B98C09}.AppStore|x86.ActiveCfg = Release|Any CPU
		{D989A7D1-33EB-44D3-9E1E-8C2102B98C09}.AppStore|x86.Build.0 = Release|Any CPU
		{D989A7D1-33EB-44D3-9E1E-8C2102B98C09}.Debug|Any CPU.ActiveCfg = Debug|Any CPU
		{D989A7D1-33EB-44D3-9E1E-8C2102B98C09}.Debug|Any CPU.Build.0 = Debug|Any CPU
		{D989A7D1-33EB-44D3-9E1E-8C2102B98C09}.Debug|ARM.ActiveCfg = Debug|Any CPU
		{D989A7D1-33EB-44D3-9E1E-8C2102B98C09}.Debug|ARM.Build.0 = Debug|Any CPU
		{D989A7D1-33EB-44D3-9E1E-8C2102B98C09}.Debug|iPhone.ActiveCfg = Debug|Any CPU
		{D989A7D1-33EB-44D3-9E1E-8C2102B98C09}.Debug|iPhone.Build.0 = Debug|Any CPU
		{D989A7D1-33EB-44D3-9E1E-8C2102B98C09}.Debug|iPhoneSimulator.ActiveCfg = Debug|Any CPU
		{D989A7D1-33EB-44D3-9E1E-8C2102B98C09}.Debug|iPhoneSimulator.Build.0 = Debug|Any CPU
		{D989A7D1-33EB-44D3-9E1E-8C2102B98C09}.Debug|x64.ActiveCfg = Debug|Any CPU
		{D989A7D1-33EB-44D3-9E1E-8C2102B98C09}.Debug|x64.Build.0 = Debug|Any CPU
		{D989A7D1-33EB-44D3-9E1E-8C2102B98C09}.Debug|x86.ActiveCfg = Debug|Any CPU
		{D989A7D1-33EB-44D3-9E1E-8C2102B98C09}.Debug|x86.Build.0 = Debug|Any CPU
		{D989A7D1-33EB-44D3-9E1E-8C2102B98C09}.Release|Any CPU.ActiveCfg = Release|Any CPU
		{D989A7D1-33EB-44D3-9E1E-8C2102B98C09}.Release|Any CPU.Build.0 = Release|Any CPU
		{D989A7D1-33EB-44D3-9E1E-8C2102B98C09}.Release|ARM.ActiveCfg = Release|Any CPU
		{D989A7D1-33EB-44D3-9E1E-8C2102B98C09}.Release|ARM.Build.0 = Release|Any CPU
		{D989A7D1-33EB-44D3-9E1E-8C2102B98C09}.Release|iPhone.ActiveCfg = Release|Any CPU
		{D989A7D1-33EB-44D3-9E1E-8C2102B98C09}.Release|iPhone.Build.0 = Release|Any CPU
		{D989A7D1-33EB-44D3-9E1E-8C2102B98C09}.Release|iPhoneSimulator.ActiveCfg = Release|Any CPU
		{D989A7D1-33EB-44D3-9E1E-8C2102B98C09}.Release|iPhoneSimulator.Build.0 = Release|Any CPU
		{D989A7D1-33EB-44D3-9E1E-8C2102B98C09}.Release|x64.ActiveCfg = Release|Any CPU
		{D989A7D1-33EB-44D3-9E1E-8C2102B98C09}.Release|x64.Build.0 = Release|Any CPU
		{D989A7D1-33EB-44D3-9E1E-8C2102B98C09}.Release|x86.ActiveCfg = Release|Any CPU
		{D989A7D1-33EB-44D3-9E1E-8C2102B98C09}.Release|x86.Build.0 = Release|Any CPU
		{AC5BC459-F01E-40AA-97AF-2FA23FDFEA82}.Ad-Hoc|Any CPU.ActiveCfg = Release|Any CPU
		{AC5BC459-F01E-40AA-97AF-2FA23FDFEA82}.Ad-Hoc|Any CPU.Build.0 = Release|Any CPU
		{AC5BC459-F01E-40AA-97AF-2FA23FDFEA82}.Ad-Hoc|ARM.ActiveCfg = Release|Any CPU
		{AC5BC459-F01E-40AA-97AF-2FA23FDFEA82}.Ad-Hoc|ARM.Build.0 = Release|Any CPU
		{AC5BC459-F01E-40AA-97AF-2FA23FDFEA82}.Ad-Hoc|iPhone.ActiveCfg = Release|Any CPU
		{AC5BC459-F01E-40AA-97AF-2FA23FDFEA82}.Ad-Hoc|iPhone.Build.0 = Release|Any CPU
		{AC5BC459-F01E-40AA-97AF-2FA23FDFEA82}.Ad-Hoc|iPhoneSimulator.ActiveCfg = Release|Any CPU
		{AC5BC459-F01E-40AA-97AF-2FA23FDFEA82}.Ad-Hoc|iPhoneSimulator.Build.0 = Release|Any CPU
		{AC5BC459-F01E-40AA-97AF-2FA23FDFEA82}.Ad-Hoc|x64.ActiveCfg = Release|Any CPU
		{AC5BC459-F01E-40AA-97AF-2FA23FDFEA82}.Ad-Hoc|x64.Build.0 = Release|Any CPU
		{AC5BC459-F01E-40AA-97AF-2FA23FDFEA82}.Ad-Hoc|x86.ActiveCfg = Release|Any CPU
		{AC5BC459-F01E-40AA-97AF-2FA23FDFEA82}.Ad-Hoc|x86.Build.0 = Release|Any CPU
		{AC5BC459-F01E-40AA-97AF-2FA23FDFEA82}.AppStore|Any CPU.ActiveCfg = Release|Any CPU
		{AC5BC459-F01E-40AA-97AF-2FA23FDFEA82}.AppStore|Any CPU.Build.0 = Release|Any CPU
		{AC5BC459-F01E-40AA-97AF-2FA23FDFEA82}.AppStore|ARM.ActiveCfg = Release|Any CPU
		{AC5BC459-F01E-40AA-97AF-2FA23FDFEA82}.AppStore|ARM.Build.0 = Release|Any CPU
		{AC5BC459-F01E-40AA-97AF-2FA23FDFEA82}.AppStore|iPhone.ActiveCfg = Release|Any CPU
		{AC5BC459-F01E-40AA-97AF-2FA23FDFEA82}.AppStore|iPhone.Build.0 = Release|Any CPU
		{AC5BC459-F01E-40AA-97AF-2FA23FDFEA82}.AppStore|iPhoneSimulator.ActiveCfg = Release|Any CPU
		{AC5BC459-F01E-40AA-97AF-2FA23FDFEA82}.AppStore|iPhoneSimulator.Build.0 = Release|Any CPU
		{AC5BC459-F01E-40AA-97AF-2FA23FDFEA82}.AppStore|x64.ActiveCfg = Release|Any CPU
		{AC5BC459-F01E-40AA-97AF-2FA23FDFEA82}.AppStore|x64.Build.0 = Release|Any CPU
		{AC5BC459-F01E-40AA-97AF-2FA23FDFEA82}.AppStore|x86.ActiveCfg = Release|Any CPU
		{AC5BC459-F01E-40AA-97AF-2FA23FDFEA82}.AppStore|x86.Build.0 = Release|Any CPU
		{AC5BC459-F01E-40AA-97AF-2FA23FDFEA82}.Debug|Any CPU.ActiveCfg = Debug|Any CPU
		{AC5BC459-F01E-40AA-97AF-2FA23FDFEA82}.Debug|Any CPU.Build.0 = Debug|Any CPU
		{AC5BC459-F01E-40AA-97AF-2FA23FDFEA82}.Debug|ARM.ActiveCfg = Debug|Any CPU
		{AC5BC459-F01E-40AA-97AF-2FA23FDFEA82}.Debug|ARM.Build.0 = Debug|Any CPU
		{AC5BC459-F01E-40AA-97AF-2FA23FDFEA82}.Debug|iPhone.ActiveCfg = Debug|Any CPU
		{AC5BC459-F01E-40AA-97AF-2FA23FDFEA82}.Debug|iPhone.Build.0 = Debug|Any CPU
		{AC5BC459-F01E-40AA-97AF-2FA23FDFEA82}.Debug|iPhoneSimulator.ActiveCfg = Debug|Any CPU
		{AC5BC459-F01E-40AA-97AF-2FA23FDFEA82}.Debug|iPhoneSimulator.Build.0 = Debug|Any CPU
		{AC5BC459-F01E-40AA-97AF-2FA23FDFEA82}.Debug|x64.ActiveCfg = Debug|Any CPU
		{AC5BC459-F01E-40AA-97AF-2FA23FDFEA82}.Debug|x64.Build.0 = Debug|Any CPU
		{AC5BC459-F01E-40AA-97AF-2FA23FDFEA82}.Debug|x86.ActiveCfg = Debug|Any CPU
		{AC5BC459-F01E-40AA-97AF-2FA23FDFEA82}.Debug|x86.Build.0 = Debug|Any CPU
		{AC5BC459-F01E-40AA-97AF-2FA23FDFEA82}.Release|Any CPU.ActiveCfg = Release|Any CPU
		{AC5BC459-F01E-40AA-97AF-2FA23FDFEA82}.Release|Any CPU.Build.0 = Release|Any CPU
		{AC5BC459-F01E-40AA-97AF-2FA23FDFEA82}.Release|ARM.ActiveCfg = Release|Any CPU
		{AC5BC459-F01E-40AA-97AF-2FA23FDFEA82}.Release|ARM.Build.0 = Release|Any CPU
		{AC5BC459-F01E-40AA-97AF-2FA23FDFEA82}.Release|iPhone.ActiveCfg = Release|Any CPU
		{AC5BC459-F01E-40AA-97AF-2FA23FDFEA82}.Release|iPhone.Build.0 = Release|Any CPU
		{AC5BC459-F01E-40AA-97AF-2FA23FDFEA82}.Release|iPhoneSimulator.ActiveCfg = Release|Any CPU
		{AC5BC459-F01E-40AA-97AF-2FA23FDFEA82}.Release|iPhoneSimulator.Build.0 = Release|Any CPU
		{AC5BC459-F01E-40AA-97AF-2FA23FDFEA82}.Release|x64.ActiveCfg = Release|Any CPU
		{AC5BC459-F01E-40AA-97AF-2FA23FDFEA82}.Release|x64.Build.0 = Release|Any CPU
		{AC5BC459-F01E-40AA-97AF-2FA23FDFEA82}.Release|x86.ActiveCfg = Release|Any CPU
		{AC5BC459-F01E-40AA-97AF-2FA23FDFEA82}.Release|x86.Build.0 = Release|Any CPU
		{D5B130D2-7F8A-44E5-AF6F-974923BBC8AE}.Ad-Hoc|Any CPU.ActiveCfg = Release|Any CPU
		{D5B130D2-7F8A-44E5-AF6F-974923BBC8AE}.Ad-Hoc|Any CPU.Build.0 = Release|Any CPU
		{D5B130D2-7F8A-44E5-AF6F-974923BBC8AE}.Ad-Hoc|ARM.ActiveCfg = Release|Any CPU
		{D5B130D2-7F8A-44E5-AF6F-974923BBC8AE}.Ad-Hoc|ARM.Build.0 = Release|Any CPU
		{D5B130D2-7F8A-44E5-AF6F-974923BBC8AE}.Ad-Hoc|iPhone.ActiveCfg = Release|Any CPU
		{D5B130D2-7F8A-44E5-AF6F-974923BBC8AE}.Ad-Hoc|iPhone.Build.0 = Release|Any CPU
		{D5B130D2-7F8A-44E5-AF6F-974923BBC8AE}.Ad-Hoc|iPhoneSimulator.ActiveCfg = Release|Any CPU
		{D5B130D2-7F8A-44E5-AF6F-974923BBC8AE}.Ad-Hoc|iPhoneSimulator.Build.0 = Release|Any CPU
		{D5B130D2-7F8A-44E5-AF6F-974923BBC8AE}.Ad-Hoc|x64.ActiveCfg = Release|Any CPU
		{D5B130D2-7F8A-44E5-AF6F-974923BBC8AE}.Ad-Hoc|x64.Build.0 = Release|Any CPU
		{D5B130D2-7F8A-44E5-AF6F-974923BBC8AE}.Ad-Hoc|x86.ActiveCfg = Release|Any CPU
		{D5B130D2-7F8A-44E5-AF6F-974923BBC8AE}.Ad-Hoc|x86.Build.0 = Release|Any CPU
		{D5B130D2-7F8A-44E5-AF6F-974923BBC8AE}.AppStore|Any CPU.ActiveCfg = Release|Any CPU
		{D5B130D2-7F8A-44E5-AF6F-974923BBC8AE}.AppStore|Any CPU.Build.0 = Release|Any CPU
		{D5B130D2-7F8A-44E5-AF6F-974923BBC8AE}.AppStore|ARM.ActiveCfg = Release|Any CPU
		{D5B130D2-7F8A-44E5-AF6F-974923BBC8AE}.AppStore|ARM.Build.0 = Release|Any CPU
		{D5B130D2-7F8A-44E5-AF6F-974923BBC8AE}.AppStore|iPhone.ActiveCfg = Release|Any CPU
		{D5B130D2-7F8A-44E5-AF6F-974923BBC8AE}.AppStore|iPhone.Build.0 = Release|Any CPU
		{D5B130D2-7F8A-44E5-AF6F-974923BBC8AE}.AppStore|iPhoneSimulator.ActiveCfg = Release|Any CPU
		{D5B130D2-7F8A-44E5-AF6F-974923BBC8AE}.AppStore|iPhoneSimulator.Build.0 = Release|Any CPU
		{D5B130D2-7F8A-44E5-AF6F-974923BBC8AE}.AppStore|x64.ActiveCfg = Release|Any CPU
		{D5B130D2-7F8A-44E5-AF6F-974923BBC8AE}.AppStore|x64.Build.0 = Release|Any CPU
		{D5B130D2-7F8A-44E5-AF6F-974923BBC8AE}.AppStore|x86.ActiveCfg = Release|Any CPU
		{D5B130D2-7F8A-44E5-AF6F-974923BBC8AE}.AppStore|x86.Build.0 = Release|Any CPU
		{D5B130D2-7F8A-44E5-AF6F-974923BBC8AE}.Debug|Any CPU.ActiveCfg = Debug|Any CPU
		{D5B130D2-7F8A-44E5-AF6F-974923BBC8AE}.Debug|Any CPU.Build.0 = Debug|Any CPU
		{D5B130D2-7F8A-44E5-AF6F-974923BBC8AE}.Debug|ARM.ActiveCfg = Debug|Any CPU
		{D5B130D2-7F8A-44E5-AF6F-974923BBC8AE}.Debug|ARM.Build.0 = Debug|Any CPU
		{D5B130D2-7F8A-44E5-AF6F-974923BBC8AE}.Debug|iPhone.ActiveCfg = Debug|Any CPU
		{D5B130D2-7F8A-44E5-AF6F-974923BBC8AE}.Debug|iPhone.Build.0 = Debug|Any CPU
		{D5B130D2-7F8A-44E5-AF6F-974923BBC8AE}.Debug|iPhoneSimulator.ActiveCfg = Debug|Any CPU
		{D5B130D2-7F8A-44E5-AF6F-974923BBC8AE}.Debug|iPhoneSimulator.Build.0 = Debug|Any CPU
		{D5B130D2-7F8A-44E5-AF6F-974923BBC8AE}.Debug|x64.ActiveCfg = Debug|Any CPU
		{D5B130D2-7F8A-44E5-AF6F-974923BBC8AE}.Debug|x64.Build.0 = Debug|Any CPU
		{D5B130D2-7F8A-44E5-AF6F-974923BBC8AE}.Debug|x86.ActiveCfg = Debug|Any CPU
		{D5B130D2-7F8A-44E5-AF6F-974923BBC8AE}.Debug|x86.Build.0 = Debug|Any CPU
		{D5B130D2-7F8A-44E5-AF6F-974923BBC8AE}.Release|Any CPU.ActiveCfg = Release|Any CPU
		{D5B130D2-7F8A-44E5-AF6F-974923BBC8AE}.Release|Any CPU.Build.0 = Release|Any CPU
		{D5B130D2-7F8A-44E5-AF6F-974923BBC8AE}.Release|ARM.ActiveCfg = Release|Any CPU
		{D5B130D2-7F8A-44E5-AF6F-974923BBC8AE}.Release|ARM.Build.0 = Release|Any CPU
		{D5B130D2-7F8A-44E5-AF6F-974923BBC8AE}.Release|iPhone.ActiveCfg = Release|Any CPU
		{D5B130D2-7F8A-44E5-AF6F-974923BBC8AE}.Release|iPhone.Build.0 = Release|Any CPU
		{D5B130D2-7F8A-44E5-AF6F-974923BBC8AE}.Release|iPhoneSimulator.ActiveCfg = Release|Any CPU
		{D5B130D2-7F8A-44E5-AF6F-974923BBC8AE}.Release|iPhoneSimulator.Build.0 = Release|Any CPU
		{D5B130D2-7F8A-44E5-AF6F-974923BBC8AE}.Release|x64.ActiveCfg = Release|Any CPU
		{D5B130D2-7F8A-44E5-AF6F-974923BBC8AE}.Release|x64.Build.0 = Release|Any CPU
		{D5B130D2-7F8A-44E5-AF6F-974923BBC8AE}.Release|x86.ActiveCfg = Release|Any CPU
		{D5B130D2-7F8A-44E5-AF6F-974923BBC8AE}.Release|x86.Build.0 = Release|Any CPU
		{84749F74-6311-4C2F-A652-DD09B72937D5}.Ad-Hoc|Any CPU.ActiveCfg = Release|Any CPU
		{84749F74-6311-4C2F-A652-DD09B72937D5}.Ad-Hoc|Any CPU.Build.0 = Release|Any CPU
		{84749F74-6311-4C2F-A652-DD09B72937D5}.Ad-Hoc|Any CPU.Deploy.0 = Release|Any CPU
		{84749F74-6311-4C2F-A652-DD09B72937D5}.Ad-Hoc|ARM.ActiveCfg = Release|Any CPU
		{84749F74-6311-4C2F-A652-DD09B72937D5}.Ad-Hoc|ARM.Build.0 = Release|Any CPU
		{84749F74-6311-4C2F-A652-DD09B72937D5}.Ad-Hoc|ARM.Deploy.0 = Release|Any CPU
		{84749F74-6311-4C2F-A652-DD09B72937D5}.Ad-Hoc|iPhone.ActiveCfg = Release|Any CPU
		{84749F74-6311-4C2F-A652-DD09B72937D5}.Ad-Hoc|iPhone.Build.0 = Release|Any CPU
		{84749F74-6311-4C2F-A652-DD09B72937D5}.Ad-Hoc|iPhone.Deploy.0 = Release|Any CPU
		{84749F74-6311-4C2F-A652-DD09B72937D5}.Ad-Hoc|iPhoneSimulator.ActiveCfg = Release|Any CPU
		{84749F74-6311-4C2F-A652-DD09B72937D5}.Ad-Hoc|iPhoneSimulator.Build.0 = Release|Any CPU
		{84749F74-6311-4C2F-A652-DD09B72937D5}.Ad-Hoc|iPhoneSimulator.Deploy.0 = Release|Any CPU
		{84749F74-6311-4C2F-A652-DD09B72937D5}.Ad-Hoc|x64.ActiveCfg = Release|Any CPU
		{84749F74-6311-4C2F-A652-DD09B72937D5}.Ad-Hoc|x64.Build.0 = Release|Any CPU
		{84749F74-6311-4C2F-A652-DD09B72937D5}.Ad-Hoc|x64.Deploy.0 = Release|Any CPU
		{84749F74-6311-4C2F-A652-DD09B72937D5}.Ad-Hoc|x86.ActiveCfg = Release|Any CPU
		{84749F74-6311-4C2F-A652-DD09B72937D5}.Ad-Hoc|x86.Build.0 = Release|Any CPU
		{84749F74-6311-4C2F-A652-DD09B72937D5}.Ad-Hoc|x86.Deploy.0 = Release|Any CPU
		{84749F74-6311-4C2F-A652-DD09B72937D5}.AppStore|Any CPU.ActiveCfg = Release|Any CPU
		{84749F74-6311-4C2F-A652-DD09B72937D5}.AppStore|Any CPU.Build.0 = Release|Any CPU
		{84749F74-6311-4C2F-A652-DD09B72937D5}.AppStore|Any CPU.Deploy.0 = Release|Any CPU
		{84749F74-6311-4C2F-A652-DD09B72937D5}.AppStore|ARM.ActiveCfg = Release|Any CPU
		{84749F74-6311-4C2F-A652-DD09B72937D5}.AppStore|ARM.Build.0 = Release|Any CPU
		{84749F74-6311-4C2F-A652-DD09B72937D5}.AppStore|ARM.Deploy.0 = Release|Any CPU
		{84749F74-6311-4C2F-A652-DD09B72937D5}.AppStore|iPhone.ActiveCfg = Release|Any CPU
		{84749F74-6311-4C2F-A652-DD09B72937D5}.AppStore|iPhone.Build.0 = Release|Any CPU
		{84749F74-6311-4C2F-A652-DD09B72937D5}.AppStore|iPhone.Deploy.0 = Release|Any CPU
		{84749F74-6311-4C2F-A652-DD09B72937D5}.AppStore|iPhoneSimulator.ActiveCfg = Release|Any CPU
		{84749F74-6311-4C2F-A652-DD09B72937D5}.AppStore|iPhoneSimulator.Build.0 = Release|Any CPU
		{84749F74-6311-4C2F-A652-DD09B72937D5}.AppStore|iPhoneSimulator.Deploy.0 = Release|Any CPU
		{84749F74-6311-4C2F-A652-DD09B72937D5}.AppStore|x64.ActiveCfg = Release|Any CPU
		{84749F74-6311-4C2F-A652-DD09B72937D5}.AppStore|x64.Build.0 = Release|Any CPU
		{84749F74-6311-4C2F-A652-DD09B72937D5}.AppStore|x64.Deploy.0 = Release|Any CPU
		{84749F74-6311-4C2F-A652-DD09B72937D5}.AppStore|x86.ActiveCfg = Release|Any CPU
		{84749F74-6311-4C2F-A652-DD09B72937D5}.AppStore|x86.Build.0 = Release|Any CPU
		{84749F74-6311-4C2F-A652-DD09B72937D5}.AppStore|x86.Deploy.0 = Release|Any CPU
		{84749F74-6311-4C2F-A652-DD09B72937D5}.Debug|Any CPU.ActiveCfg = Debug|Any CPU
		{84749F74-6311-4C2F-A652-DD09B72937D5}.Debug|Any CPU.Build.0 = Debug|Any CPU
		{84749F74-6311-4C2F-A652-DD09B72937D5}.Debug|Any CPU.Deploy.0 = Debug|Any CPU
		{84749F74-6311-4C2F-A652-DD09B72937D5}.Debug|ARM.ActiveCfg = Debug|Any CPU
		{84749F74-6311-4C2F-A652-DD09B72937D5}.Debug|ARM.Build.0 = Debug|Any CPU
		{84749F74-6311-4C2F-A652-DD09B72937D5}.Debug|ARM.Deploy.0 = Debug|Any CPU
		{84749F74-6311-4C2F-A652-DD09B72937D5}.Debug|iPhone.ActiveCfg = Debug|Any CPU
		{84749F74-6311-4C2F-A652-DD09B72937D5}.Debug|iPhone.Build.0 = Debug|Any CPU
		{84749F74-6311-4C2F-A652-DD09B72937D5}.Debug|iPhone.Deploy.0 = Debug|Any CPU
		{84749F74-6311-4C2F-A652-DD09B72937D5}.Debug|iPhoneSimulator.ActiveCfg = Debug|Any CPU
		{84749F74-6311-4C2F-A652-DD09B72937D5}.Debug|iPhoneSimulator.Build.0 = Debug|Any CPU
		{84749F74-6311-4C2F-A652-DD09B72937D5}.Debug|iPhoneSimulator.Deploy.0 = Debug|Any CPU
		{84749F74-6311-4C2F-A652-DD09B72937D5}.Debug|x64.ActiveCfg = Debug|Any CPU
		{84749F74-6311-4C2F-A652-DD09B72937D5}.Debug|x64.Build.0 = Debug|Any CPU
		{84749F74-6311-4C2F-A652-DD09B72937D5}.Debug|x64.Deploy.0 = Debug|Any CPU
		{84749F74-6311-4C2F-A652-DD09B72937D5}.Debug|x86.ActiveCfg = Debug|Any CPU
		{84749F74-6311-4C2F-A652-DD09B72937D5}.Debug|x86.Build.0 = Debug|Any CPU
		{84749F74-6311-4C2F-A652-DD09B72937D5}.Debug|x86.Deploy.0 = Debug|Any CPU
		{84749F74-6311-4C2F-A652-DD09B72937D5}.Release|Any CPU.ActiveCfg = Release|Any CPU
		{84749F74-6311-4C2F-A652-DD09B72937D5}.Release|Any CPU.Build.0 = Release|Any CPU
		{84749F74-6311-4C2F-A652-DD09B72937D5}.Release|Any CPU.Deploy.0 = Release|Any CPU
		{84749F74-6311-4C2F-A652-DD09B72937D5}.Release|ARM.ActiveCfg = Release|Any CPU
		{84749F74-6311-4C2F-A652-DD09B72937D5}.Release|ARM.Build.0 = Release|Any CPU
		{84749F74-6311-4C2F-A652-DD09B72937D5}.Release|ARM.Deploy.0 = Release|Any CPU
		{84749F74-6311-4C2F-A652-DD09B72937D5}.Release|iPhone.ActiveCfg = Release|Any CPU
		{84749F74-6311-4C2F-A652-DD09B72937D5}.Release|iPhone.Build.0 = Release|Any CPU
		{84749F74-6311-4C2F-A652-DD09B72937D5}.Release|iPhone.Deploy.0 = Release|Any CPU
		{84749F74-6311-4C2F-A652-DD09B72937D5}.Release|iPhoneSimulator.ActiveCfg = Release|Any CPU
		{84749F74-6311-4C2F-A652-DD09B72937D5}.Release|iPhoneSimulator.Build.0 = Release|Any CPU
		{84749F74-6311-4C2F-A652-DD09B72937D5}.Release|iPhoneSimulator.Deploy.0 = Release|Any CPU
		{84749F74-6311-4C2F-A652-DD09B72937D5}.Release|x64.ActiveCfg = Release|Any CPU
		{84749F74-6311-4C2F-A652-DD09B72937D5}.Release|x64.Build.0 = Release|Any CPU
		{84749F74-6311-4C2F-A652-DD09B72937D5}.Release|x64.Deploy.0 = Release|Any CPU
		{84749F74-6311-4C2F-A652-DD09B72937D5}.Release|x86.ActiveCfg = Release|Any CPU
		{84749F74-6311-4C2F-A652-DD09B72937D5}.Release|x86.Build.0 = Release|Any CPU
		{84749F74-6311-4C2F-A652-DD09B72937D5}.Release|x86.Deploy.0 = Release|Any CPU
		{442BC7D0-6CA5-4FAF-A9A2-5E1093F2FDEE}.Ad-Hoc|Any CPU.ActiveCfg = Ad-Hoc|iPhone
		{442BC7D0-6CA5-4FAF-A9A2-5E1093F2FDEE}.Ad-Hoc|ARM.ActiveCfg = Ad-Hoc|iPhone
		{442BC7D0-6CA5-4FAF-A9A2-5E1093F2FDEE}.Ad-Hoc|iPhone.ActiveCfg = Ad-Hoc|iPhone
		{442BC7D0-6CA5-4FAF-A9A2-5E1093F2FDEE}.Ad-Hoc|iPhone.Build.0 = Ad-Hoc|iPhone
		{442BC7D0-6CA5-4FAF-A9A2-5E1093F2FDEE}.Ad-Hoc|iPhoneSimulator.ActiveCfg = Ad-Hoc|iPhoneSimulator
		{442BC7D0-6CA5-4FAF-A9A2-5E1093F2FDEE}.Ad-Hoc|iPhoneSimulator.Build.0 = Ad-Hoc|iPhoneSimulator
		{442BC7D0-6CA5-4FAF-A9A2-5E1093F2FDEE}.Ad-Hoc|x64.ActiveCfg = Ad-Hoc|iPhone
		{442BC7D0-6CA5-4FAF-A9A2-5E1093F2FDEE}.Ad-Hoc|x86.ActiveCfg = Ad-Hoc|iPhone
		{442BC7D0-6CA5-4FAF-A9A2-5E1093F2FDEE}.AppStore|Any CPU.ActiveCfg = AppStore|iPhone
		{442BC7D0-6CA5-4FAF-A9A2-5E1093F2FDEE}.AppStore|ARM.ActiveCfg = AppStore|iPhone
		{442BC7D0-6CA5-4FAF-A9A2-5E1093F2FDEE}.AppStore|iPhone.ActiveCfg = AppStore|iPhone
		{442BC7D0-6CA5-4FAF-A9A2-5E1093F2FDEE}.AppStore|iPhone.Build.0 = AppStore|iPhone
		{442BC7D0-6CA5-4FAF-A9A2-5E1093F2FDEE}.AppStore|iPhoneSimulator.ActiveCfg = AppStore|iPhoneSimulator
		{442BC7D0-6CA5-4FAF-A9A2-5E1093F2FDEE}.AppStore|iPhoneSimulator.Build.0 = AppStore|iPhoneSimulator
		{442BC7D0-6CA5-4FAF-A9A2-5E1093F2FDEE}.AppStore|x64.ActiveCfg = AppStore|iPhone
		{442BC7D0-6CA5-4FAF-A9A2-5E1093F2FDEE}.AppStore|x86.ActiveCfg = AppStore|iPhone
		{442BC7D0-6CA5-4FAF-A9A2-5E1093F2FDEE}.Debug|Any CPU.ActiveCfg = Debug|iPhone
		{442BC7D0-6CA5-4FAF-A9A2-5E1093F2FDEE}.Debug|ARM.ActiveCfg = Debug|iPhone
		{442BC7D0-6CA5-4FAF-A9A2-5E1093F2FDEE}.Debug|iPhone.ActiveCfg = Debug|iPhone
		{442BC7D0-6CA5-4FAF-A9A2-5E1093F2FDEE}.Debug|iPhone.Build.0 = Debug|iPhone
		{442BC7D0-6CA5-4FAF-A9A2-5E1093F2FDEE}.Debug|iPhoneSimulator.ActiveCfg = Debug|iPhoneSimulator
		{442BC7D0-6CA5-4FAF-A9A2-5E1093F2FDEE}.Debug|iPhoneSimulator.Build.0 = Debug|iPhoneSimulator
		{442BC7D0-6CA5-4FAF-A9A2-5E1093F2FDEE}.Debug|x64.ActiveCfg = Debug|iPhone
		{442BC7D0-6CA5-4FAF-A9A2-5E1093F2FDEE}.Debug|x86.ActiveCfg = Debug|iPhone
		{442BC7D0-6CA5-4FAF-A9A2-5E1093F2FDEE}.Release|Any CPU.ActiveCfg = Release|iPhone
		{442BC7D0-6CA5-4FAF-A9A2-5E1093F2FDEE}.Release|ARM.ActiveCfg = Release|iPhone
		{442BC7D0-6CA5-4FAF-A9A2-5E1093F2FDEE}.Release|iPhone.ActiveCfg = Release|iPhone
		{442BC7D0-6CA5-4FAF-A9A2-5E1093F2FDEE}.Release|iPhone.Build.0 = Release|iPhone
		{442BC7D0-6CA5-4FAF-A9A2-5E1093F2FDEE}.Release|iPhoneSimulator.ActiveCfg = Release|iPhoneSimulator
		{442BC7D0-6CA5-4FAF-A9A2-5E1093F2FDEE}.Release|iPhoneSimulator.Build.0 = Release|iPhoneSimulator
		{442BC7D0-6CA5-4FAF-A9A2-5E1093F2FDEE}.Release|x64.ActiveCfg = Release|iPhone
		{442BC7D0-6CA5-4FAF-A9A2-5E1093F2FDEE}.Release|x86.ActiveCfg = Release|iPhone
	EndGlobalSection
	GlobalSection(SolutionProperties) = preSolution
		HideSolutionNode = FALSE
	EndGlobalSection
EndGlobal
