
Microsoft Visual Studio Solution File, Format Version 12.00
# Visual Studio 15
VisualStudioVersion = 15.0.26730.8
MinimumVisualStudioVersion = 10.0.40219.1
Project("{FAE04EC0-301F-11D3-BF4B-00C04F79EFBC}") = "PopditWeb", "PopditWeb\PopditWeb.csproj", "{D989A7D1-33EB-44D3-9E1E-8C2102B98C09}"
EndProject
Project("{FAE04EC0-301F-11D3-BF4B-00C04F79EFBC}") = "PopditCore", "PopditCore\PopditCore.csproj", "{5C5EC6B5-8F6A-4C4B-9FC6-8B2D4D5997D9}"
EndProject
Project("{FAE04EC0-301F-11D3-BF4B-00C04F79EFBC}") = "PopditPop", "PopditPop\PopditPop.csproj", "{D5B130D2-7F8A-44E5-AF6F-974923BBC8AE}"
EndProject
Project("{FAE04EC0-301F-11D3-BF4B-00C04F79EFBC}") = "PopditDB", "PopditDB\PopditDB.csproj", "{354601D9-FACB-488E-9A70-2C8B3A4F70FC}"
EndProject
Project("{FAE04EC0-301F-11D3-BF4B-00C04F79EFBC}") = "PopditMobileApi", "PopditMobileApi\PopditMobileApi.csproj", "{29D7E8B3-88FF-4CB7-A0D4-21521AB7D39D}"
EndProject
Project("{FAE04EC0-301F-11D3-BF4B-00C04F79EFBC}") = "PopditiOS", "PopditiOS\PopditiOS.csproj", "{80E98D90-3035-42FF-B4B6-C4E2A234E16C}"
EndProject
Project("{FAE04EC0-301F-11D3-BF4B-00C04F79EFBC}") = "PopditWebApi", "PopditWebApi\PopditWebApi.csproj", "{52BBCFEF-6414-49A7-A9C7-0FF412165F2D}"
EndProject
Project("{FAE04EC0-301F-11D3-BF4B-00C04F79EFBC}") = "PopditAndroid", "PopditAndroid\PopditAndroid.csproj", "{42EC19CC-6928-41F4-980F-8AD0B8FEC399}"
EndProject
Global
	GlobalSection(SolutionConfigurationPlatforms) = preSolution
		Ad-Hoc|Any CPU = Ad-Hoc|Any CPU
		Ad-Hoc|ARM = Ad-Hoc|ARM
		Ad-Hoc|iPhone = Ad-Hoc|iPhone
		Ad-Hoc|iPhoneSimulator = Ad-Hoc|iPhoneSimulator
		Ad-Hoc|x64 = Ad-Hoc|x64
		Ad-Hoc|x86 = Ad-Hoc|x86
		AppStore|Any CPU = AppStore|Any CPU
		AppStore|ARM = AppStore|ARM
		AppStore|iPhone = AppStore|iPhone
		AppStore|iPhoneSimulator = AppStore|iPhoneSimulator
		AppStore|x64 = AppStore|x64
		AppStore|x86 = AppStore|x86
		Debug|Any CPU = Debug|Any CPU
		Debug|ARM = Debug|ARM
		Debug|iPhone = Debug|iPhone
		Debug|iPhoneSimulator = Debug|iPhoneSimulator
		Debug|x64 = Debug|x64
		Debug|x86 = Debug|x86
		Release|Any CPU = Release|Any CPU
		Release|ARM = Release|ARM
		Release|iPhone = Release|iPhone
		Release|iPhoneSimulator = Release|iPhoneSimulator
		Release|x64 = Release|x64
		Release|x86 = Release|x86
		Stage|Any CPU = Stage|Any CPU
		Stage|ARM = Stage|ARM
		Stage|iPhone = Stage|iPhone
		Stage|iPhoneSimulator = Stage|iPhoneSimulator
		Stage|x64 = Stage|x64
		Stage|x86 = Stage|x86
	EndGlobalSection
	GlobalSection(ProjectConfigurationPlatforms) = postSolution
		{D989A7D1-33EB-44D3-9E1E-8C2102B98C09}.Ad-Hoc|Any CPU.ActiveCfg = Release|Any CPU
		{D989A7D1-33EB-44D3-9E1E-8C2102B98C09}.Ad-Hoc|Any CPU.Build.0 = Release|Any CPU
		{D989A7D1-33EB-44D3-9E1E-8C2102B98C09}.Ad-Hoc|ARM.ActiveCfg = Release|Any CPU
		{D989A7D1-33EB-44D3-9E1E-8C2102B98C09}.Ad-Hoc|ARM.Build.0 = Release|Any CPU
		{D989A7D1-33EB-44D3-9E1E-8C2102B98C09}.Ad-Hoc|iPhone.ActiveCfg = Release|Any CPU
		{D989A7D1-33EB-44D3-9E1E-8C2102B98C09}.Ad-Hoc|iPhone.Build.0 = Release|Any CPU
		{D989A7D1-33EB-44D3-9E1E-8C2102B98C09}.Ad-Hoc|iPhoneSimulator.ActiveCfg = Release|Any CPU
		{D989A7D1-33EB-44D3-9E1E-8C2102B98C09}.Ad-Hoc|iPhoneSimulator.Build.0 = Release|Any CPU
		{D989A7D1-33EB-44D3-9E1E-8C2102B98C09}.Ad-Hoc|x64.ActiveCfg = Release|Any CPU
		{D989A7D1-33EB-44D3-9E1E-8C2102B98C09}.Ad-Hoc|x64.Build.0 = Release|Any CPU
		{D989A7D1-33EB-44D3-9E1E-8C2102B98C09}.Ad-Hoc|x86.ActiveCfg = Release|Any CPU
		{D989A7D1-33EB-44D3-9E1E-8C2102B98C09}.Ad-Hoc|x86.Build.0 = Release|Any CPU
		{D989A7D1-33EB-44D3-9E1E-8C2102B98C09}.AppStore|Any CPU.ActiveCfg = Release|Any CPU
		{D989A7D1-33EB-44D3-9E1E-8C2102B98C09}.AppStore|Any CPU.Build.0 = Release|Any CPU
		{D989A7D1-33EB-44D3-9E1E-8C2102B98C09}.AppStore|ARM.ActiveCfg = Release|Any CPU
		{D989A7D1-33EB-44D3-9E1E-8C2102B98C09}.AppStore|ARM.Build.0 = Release|Any CPU
		{D989A7D1-33EB-44D3-9E1E-8C2102B98C09}.AppStore|iPhone.ActiveCfg = Release|Any CPU
		{D989A7D1-33EB-44D3-9E1E-8C2102B98C09}.AppStore|iPhone.Build.0 = Release|Any CPU
		{D989A7D1-33EB-44D3-9E1E-8C2102B98C09}.AppStore|iPhoneSimulator.ActiveCfg = Release|Any CPU
		{D989A7D1-33EB-44D3-9E1E-8C2102B98C09}.AppStore|iPhoneSimulator.Build.0 = Release|Any CPU
		{D989A7D1-33EB-44D3-9E1E-8C2102B98C09}.AppStore|x64.ActiveCfg = Release|Any CPU
		{D989A7D1-33EB-44D3-9E1E-8C2102B98C09}.AppStore|x64.Build.0 = Release|Any CPU
		{D989A7D1-33EB-44D3-9E1E-8C2102B98C09}.AppStore|x86.ActiveCfg = Release|Any CPU
		{D989A7D1-33EB-44D3-9E1E-8C2102B98C09}.AppStore|x86.Build.0 = Release|Any CPU
		{D989A7D1-33EB-44D3-9E1E-8C2102B98C09}.Debug|Any CPU.ActiveCfg = Debug|Any CPU
		{D989A7D1-33EB-44D3-9E1E-8C2102B98C09}.Debug|Any CPU.Build.0 = Debug|Any CPU
		{D989A7D1-33EB-44D3-9E1E-8C2102B98C09}.Debug|ARM.ActiveCfg = Debug|Any CPU
		{D989A7D1-33EB-44D3-9E1E-8C2102B98C09}.Debug|ARM.Build.0 = Debug|Any CPU
		{D989A7D1-33EB-44D3-9E1E-8C2102B98C09}.Debug|iPhone.ActiveCfg = Debug|Any CPU
		{D989A7D1-33EB-44D3-9E1E-8C2102B98C09}.Debug|iPhone.Build.0 = Debug|Any CPU
		{D989A7D1-33EB-44D3-9E1E-8C2102B98C09}.Debug|iPhoneSimulator.ActiveCfg = Debug|Any CPU
		{D989A7D1-33EB-44D3-9E1E-8C2102B98C09}.Debug|iPhoneSimulator.Build.0 = Debug|Any CPU
		{D989A7D1-33EB-44D3-9E1E-8C2102B98C09}.Debug|x64.ActiveCfg = Debug|Any CPU
		{D989A7D1-33EB-44D3-9E1E-8C2102B98C09}.Debug|x64.Build.0 = Debug|Any CPU
		{D989A7D1-33EB-44D3-9E1E-8C2102B98C09}.Debug|x86.ActiveCfg = Debug|Any CPU
		{D989A7D1-33EB-44D3-9E1E-8C2102B98C09}.Debug|x86.Build.0 = Debug|Any CPU
		{D989A7D1-33EB-44D3-9E1E-8C2102B98C09}.Release|Any CPU.ActiveCfg = Release|Any CPU
		{D989A7D1-33EB-44D3-9E1E-8C2102B98C09}.Release|Any CPU.Build.0 = Release|Any CPU
		{D989A7D1-33EB-44D3-9E1E-8C2102B98C09}.Release|ARM.ActiveCfg = Release|Any CPU
		{D989A7D1-33EB-44D3-9E1E-8C2102B98C09}.Release|ARM.Build.0 = Release|Any CPU
		{D989A7D1-33EB-44D3-9E1E-8C2102B98C09}.Release|iPhone.ActiveCfg = Release|Any CPU
		{D989A7D1-33EB-44D3-9E1E-8C2102B98C09}.Release|iPhone.Build.0 = Release|Any CPU
		{D989A7D1-33EB-44D3-9E1E-8C2102B98C09}.Release|iPhoneSimulator.ActiveCfg = Release|Any CPU
		{D989A7D1-33EB-44D3-9E1E-8C2102B98C09}.Release|iPhoneSimulator.Build.0 = Release|Any CPU
		{D989A7D1-33EB-44D3-9E1E-8C2102B98C09}.Release|x64.ActiveCfg = Release|Any CPU
		{D989A7D1-33EB-44D3-9E1E-8C2102B98C09}.Release|x64.Build.0 = Release|Any CPU
		{D989A7D1-33EB-44D3-9E1E-8C2102B98C09}.Release|x86.ActiveCfg = Release|Any CPU
		{D989A7D1-33EB-44D3-9E1E-8C2102B98C09}.Release|x86.Build.0 = Release|Any CPU
		{D989A7D1-33EB-44D3-9E1E-8C2102B98C09}.Stage|Any CPU.ActiveCfg = Stage|Any CPU
		{D989A7D1-33EB-44D3-9E1E-8C2102B98C09}.Stage|Any CPU.Build.0 = Stage|Any CPU
		{D989A7D1-33EB-44D3-9E1E-8C2102B98C09}.Stage|ARM.ActiveCfg = Stage|Any CPU
		{D989A7D1-33EB-44D3-9E1E-8C2102B98C09}.Stage|ARM.Build.0 = Stage|Any CPU
		{D989A7D1-33EB-44D3-9E1E-8C2102B98C09}.Stage|iPhone.ActiveCfg = Stage|Any CPU
		{D989A7D1-33EB-44D3-9E1E-8C2102B98C09}.Stage|iPhone.Build.0 = Stage|Any CPU
		{D989A7D1-33EB-44D3-9E1E-8C2102B98C09}.Stage|iPhoneSimulator.ActiveCfg = Stage|Any CPU
		{D989A7D1-33EB-44D3-9E1E-8C2102B98C09}.Stage|iPhoneSimulator.Build.0 = Stage|Any CPU
		{D989A7D1-33EB-44D3-9E1E-8C2102B98C09}.Stage|x64.ActiveCfg = Stage|Any CPU
		{D989A7D1-33EB-44D3-9E1E-8C2102B98C09}.Stage|x64.Build.0 = Stage|Any CPU
		{D989A7D1-33EB-44D3-9E1E-8C2102B98C09}.Stage|x86.ActiveCfg = Stage|Any CPU
		{D989A7D1-33EB-44D3-9E1E-8C2102B98C09}.Stage|x86.Build.0 = Stage|Any CPU
		{5C5EC6B5-8F6A-4C4B-9FC6-8B2D4D5997D9}.Ad-Hoc|Any CPU.ActiveCfg = Release|Any CPU
		{5C5EC6B5-8F6A-4C4B-9FC6-8B2D4D5997D9}.Ad-Hoc|Any CPU.Build.0 = Release|Any CPU
		{5C5EC6B5-8F6A-4C4B-9FC6-8B2D4D5997D9}.Ad-Hoc|ARM.ActiveCfg = Release|Any CPU
		{5C5EC6B5-8F6A-4C4B-9FC6-8B2D4D5997D9}.Ad-Hoc|ARM.Build.0 = Release|Any CPU
		{5C5EC6B5-8F6A-4C4B-9FC6-8B2D4D5997D9}.Ad-Hoc|iPhone.ActiveCfg = Release|Any CPU
		{5C5EC6B5-8F6A-4C4B-9FC6-8B2D4D5997D9}.Ad-Hoc|iPhone.Build.0 = Release|Any CPU
		{5C5EC6B5-8F6A-4C4B-9FC6-8B2D4D5997D9}.Ad-Hoc|iPhoneSimulator.ActiveCfg = Release|Any CPU
		{5C5EC6B5-8F6A-4C4B-9FC6-8B2D4D5997D9}.Ad-Hoc|iPhoneSimulator.Build.0 = Release|Any CPU
		{5C5EC6B5-8F6A-4C4B-9FC6-8B2D4D5997D9}.Ad-Hoc|x64.ActiveCfg = Release|Any CPU
		{5C5EC6B5-8F6A-4C4B-9FC6-8B2D4D5997D9}.Ad-Hoc|x64.Build.0 = Release|Any CPU
		{5C5EC6B5-8F6A-4C4B-9FC6-8B2D4D5997D9}.Ad-Hoc|x86.ActiveCfg = Release|Any CPU
		{5C5EC6B5-8F6A-4C4B-9FC6-8B2D4D5997D9}.Ad-Hoc|x86.Build.0 = Release|Any CPU
		{5C5EC6B5-8F6A-4C4B-9FC6-8B2D4D5997D9}.AppStore|Any CPU.ActiveCfg = Release|Any CPU
		{5C5EC6B5-8F6A-4C4B-9FC6-8B2D4D5997D9}.AppStore|Any CPU.Build.0 = Release|Any CPU
		{5C5EC6B5-8F6A-4C4B-9FC6-8B2D4D5997D9}.AppStore|ARM.ActiveCfg = Release|Any CPU
		{5C5EC6B5-8F6A-4C4B-9FC6-8B2D4D5997D9}.AppStore|ARM.Build.0 = Release|Any CPU
		{5C5EC6B5-8F6A-4C4B-9FC6-8B2D4D5997D9}.AppStore|iPhone.ActiveCfg = Release|Any CPU
		{5C5EC6B5-8F6A-4C4B-9FC6-8B2D4D5997D9}.AppStore|iPhone.Build.0 = Release|Any CPU
		{5C5EC6B5-8F6A-4C4B-9FC6-8B2D4D5997D9}.AppStore|iPhoneSimulator.ActiveCfg = Release|Any CPU
		{5C5EC6B5-8F6A-4C4B-9FC6-8B2D4D5997D9}.AppStore|iPhoneSimulator.Build.0 = Release|Any CPU
		{5C5EC6B5-8F6A-4C4B-9FC6-8B2D4D5997D9}.AppStore|x64.ActiveCfg = Release|Any CPU
		{5C5EC6B5-8F6A-4C4B-9FC6-8B2D4D5997D9}.AppStore|x64.Build.0 = Release|Any CPU
		{5C5EC6B5-8F6A-4C4B-9FC6-8B2D4D5997D9}.AppStore|x86.ActiveCfg = Release|Any CPU
		{5C5EC6B5-8F6A-4C4B-9FC6-8B2D4D5997D9}.AppStore|x86.Build.0 = Release|Any CPU
		{5C5EC6B5-8F6A-4C4B-9FC6-8B2D4D5997D9}.Debug|Any CPU.ActiveCfg = Debug|Any CPU
		{5C5EC6B5-8F6A-4C4B-9FC6-8B2D4D5997D9}.Debug|Any CPU.Build.0 = Debug|Any CPU
		{5C5EC6B5-8F6A-4C4B-9FC6-8B2D4D5997D9}.Debug|ARM.ActiveCfg = Debug|Any CPU
		{5C5EC6B5-8F6A-4C4B-9FC6-8B2D4D5997D9}.Debug|ARM.Build.0 = Debug|Any CPU
		{5C5EC6B5-8F6A-4C4B-9FC6-8B2D4D5997D9}.Debug|iPhone.ActiveCfg = Debug|Any CPU
		{5C5EC6B5-8F6A-4C4B-9FC6-8B2D4D5997D9}.Debug|iPhone.Build.0 = Debug|Any CPU
		{5C5EC6B5-8F6A-4C4B-9FC6-8B2D4D5997D9}.Debug|iPhoneSimulator.ActiveCfg = Debug|Any CPU
		{5C5EC6B5-8F6A-4C4B-9FC6-8B2D4D5997D9}.Debug|iPhoneSimulator.Build.0 = Debug|Any CPU
		{5C5EC6B5-8F6A-4C4B-9FC6-8B2D4D5997D9}.Debug|x64.ActiveCfg = Debug|Any CPU
		{5C5EC6B5-8F6A-4C4B-9FC6-8B2D4D5997D9}.Debug|x64.Build.0 = Debug|Any CPU
		{5C5EC6B5-8F6A-4C4B-9FC6-8B2D4D5997D9}.Debug|x86.ActiveCfg = Debug|Any CPU
		{5C5EC6B5-8F6A-4C4B-9FC6-8B2D4D5997D9}.Debug|x86.Build.0 = Debug|Any CPU
		{5C5EC6B5-8F6A-4C4B-9FC6-8B2D4D5997D9}.Release|Any CPU.ActiveCfg = Release|Any CPU
		{5C5EC6B5-8F6A-4C4B-9FC6-8B2D4D5997D9}.Release|Any CPU.Build.0 = Release|Any CPU
		{5C5EC6B5-8F6A-4C4B-9FC6-8B2D4D5997D9}.Release|ARM.ActiveCfg = Release|Any CPU
		{5C5EC6B5-8F6A-4C4B-9FC6-8B2D4D5997D9}.Release|ARM.Build.0 = Release|Any CPU
		{5C5EC6B5-8F6A-4C4B-9FC6-8B2D4D5997D9}.Release|iPhone.ActiveCfg = Release|Any CPU
		{5C5EC6B5-8F6A-4C4B-9FC6-8B2D4D5997D9}.Release|iPhone.Build.0 = Release|Any CPU
		{5C5EC6B5-8F6A-4C4B-9FC6-8B2D4D5997D9}.Release|iPhoneSimulator.ActiveCfg = Release|Any CPU
		{5C5EC6B5-8F6A-4C4B-9FC6-8B2D4D5997D9}.Release|iPhoneSimulator.Build.0 = Release|Any CPU
		{5C5EC6B5-8F6A-4C4B-9FC6-8B2D4D5997D9}.Release|x64.ActiveCfg = Release|Any CPU
		{5C5EC6B5-8F6A-4C4B-9FC6-8B2D4D5997D9}.Release|x64.Build.0 = Release|Any CPU
		{5C5EC6B5-8F6A-4C4B-9FC6-8B2D4D5997D9}.Release|x86.ActiveCfg = Release|Any CPU
		{5C5EC6B5-8F6A-4C4B-9FC6-8B2D4D5997D9}.Release|x86.Build.0 = Release|Any CPU
		{5C5EC6B5-8F6A-4C4B-9FC6-8B2D4D5997D9}.Stage|Any CPU.ActiveCfg = Debug|Any CPU
		{5C5EC6B5-8F6A-4C4B-9FC6-8B2D4D5997D9}.Stage|Any CPU.Build.0 = Debug|Any CPU
		{5C5EC6B5-8F6A-4C4B-9FC6-8B2D4D5997D9}.Stage|ARM.ActiveCfg = Debug|Any CPU
		{5C5EC6B5-8F6A-4C4B-9FC6-8B2D4D5997D9}.Stage|ARM.Build.0 = Debug|Any CPU
		{5C5EC6B5-8F6A-4C4B-9FC6-8B2D4D5997D9}.Stage|iPhone.ActiveCfg = Debug|Any CPU
		{5C5EC6B5-8F6A-4C4B-9FC6-8B2D4D5997D9}.Stage|iPhone.Build.0 = Debug|Any CPU
		{5C5EC6B5-8F6A-4C4B-9FC6-8B2D4D5997D9}.Stage|iPhoneSimulator.ActiveCfg = Debug|Any CPU
		{5C5EC6B5-8F6A-4C4B-9FC6-8B2D4D5997D9}.Stage|iPhoneSimulator.Build.0 = Debug|Any CPU
		{5C5EC6B5-8F6A-4C4B-9FC6-8B2D4D5997D9}.Stage|x64.ActiveCfg = Debug|Any CPU
		{5C5EC6B5-8F6A-4C4B-9FC6-8B2D4D5997D9}.Stage|x64.Build.0 = Debug|Any CPU
		{5C5EC6B5-8F6A-4C4B-9FC6-8B2D4D5997D9}.Stage|x86.ActiveCfg = Debug|Any CPU
		{5C5EC6B5-8F6A-4C4B-9FC6-8B2D4D5997D9}.Stage|x86.Build.0 = Debug|Any CPU
		{D5B130D2-7F8A-44E5-AF6F-974923BBC8AE}.Ad-Hoc|Any CPU.ActiveCfg = Release|Any CPU
		{D5B130D2-7F8A-44E5-AF6F-974923BBC8AE}.Ad-Hoc|Any CPU.Build.0 = Release|Any CPU
		{D5B130D2-7F8A-44E5-AF6F-974923BBC8AE}.Ad-Hoc|ARM.ActiveCfg = Release|Any CPU
		{D5B130D2-7F8A-44E5-AF6F-974923BBC8AE}.Ad-Hoc|ARM.Build.0 = Release|Any CPU
		{D5B130D2-7F8A-44E5-AF6F-974923BBC8AE}.Ad-Hoc|iPhone.ActiveCfg = Release|Any CPU
		{D5B130D2-7F8A-44E5-AF6F-974923BBC8AE}.Ad-Hoc|iPhone.Build.0 = Release|Any CPU
		{D5B130D2-7F8A-44E5-AF6F-974923BBC8AE}.Ad-Hoc|iPhoneSimulator.ActiveCfg = Release|Any CPU
		{D5B130D2-7F8A-44E5-AF6F-974923BBC8AE}.Ad-Hoc|iPhoneSimulator.Build.0 = Release|Any CPU
		{D5B130D2-7F8A-44E5-AF6F-974923BBC8AE}.Ad-Hoc|x64.ActiveCfg = Release|Any CPU
		{D5B130D2-7F8A-44E5-AF6F-974923BBC8AE}.Ad-Hoc|x64.Build.0 = Release|Any CPU
		{D5B130D2-7F8A-44E5-AF6F-974923BBC8AE}.Ad-Hoc|x86.ActiveCfg = Release|Any CPU
		{D5B130D2-7F8A-44E5-AF6F-974923BBC8AE}.Ad-Hoc|x86.Build.0 = Release|Any CPU
		{D5B130D2-7F8A-44E5-AF6F-974923BBC8AE}.AppStore|Any CPU.ActiveCfg = Release|Any CPU
		{D5B130D2-7F8A-44E5-AF6F-974923BBC8AE}.AppStore|Any CPU.Build.0 = Release|Any CPU
		{D5B130D2-7F8A-44E5-AF6F-974923BBC8AE}.AppStore|ARM.ActiveCfg = Release|Any CPU
		{D5B130D2-7F8A-44E5-AF6F-974923BBC8AE}.AppStore|ARM.Build.0 = Release|Any CPU
		{D5B130D2-7F8A-44E5-AF6F-974923BBC8AE}.AppStore|iPhone.ActiveCfg = Release|Any CPU
		{D5B130D2-7F8A-44E5-AF6F-974923BBC8AE}.AppStore|iPhone.Build.0 = Release|Any CPU
		{D5B130D2-7F8A-44E5-AF6F-974923BBC8AE}.AppStore|iPhoneSimulator.ActiveCfg = Release|Any CPU
		{D5B130D2-7F8A-44E5-AF6F-974923BBC8AE}.AppStore|iPhoneSimulator.Build.0 = Release|Any CPU
		{D5B130D2-7F8A-44E5-AF6F-974923BBC8AE}.AppStore|x64.ActiveCfg = Release|Any CPU
		{D5B130D2-7F8A-44E5-AF6F-974923BBC8AE}.AppStore|x64.Build.0 = Release|Any CPU
		{D5B130D2-7F8A-44E5-AF6F-974923BBC8AE}.AppStore|x86.ActiveCfg = Release|Any CPU
		{D5B130D2-7F8A-44E5-AF6F-974923BBC8AE}.AppStore|x86.Build.0 = Release|Any CPU
		{D5B130D2-7F8A-44E5-AF6F-974923BBC8AE}.Debug|Any CPU.ActiveCfg = Debug|Any CPU
		{D5B130D2-7F8A-44E5-AF6F-974923BBC8AE}.Debug|Any CPU.Build.0 = Debug|Any CPU
		{D5B130D2-7F8A-44E5-AF6F-974923BBC8AE}.Debug|ARM.ActiveCfg = Debug|Any CPU
		{D5B130D2-7F8A-44E5-AF6F-974923BBC8AE}.Debug|ARM.Build.0 = Debug|Any CPU
		{D5B130D2-7F8A-44E5-AF6F-974923BBC8AE}.Debug|iPhone.ActiveCfg = Debug|Any CPU
		{D5B130D2-7F8A-44E5-AF6F-974923BBC8AE}.Debug|iPhone.Build.0 = Debug|Any CPU
		{D5B130D2-7F8A-44E5-AF6F-974923BBC8AE}.Debug|iPhoneSimulator.ActiveCfg = Debug|Any CPU
		{D5B130D2-7F8A-44E5-AF6F-974923BBC8AE}.Debug|iPhoneSimulator.Build.0 = Debug|Any CPU
		{D5B130D2-7F8A-44E5-AF6F-974923BBC8AE}.Debug|x64.ActiveCfg = Debug|Any CPU
		{D5B130D2-7F8A-44E5-AF6F-974923BBC8AE}.Debug|x64.Build.0 = Debug|Any CPU
		{D5B130D2-7F8A-44E5-AF6F-974923BBC8AE}.Debug|x86.ActiveCfg = Debug|Any CPU
		{D5B130D2-7F8A-44E5-AF6F-974923BBC8AE}.Debug|x86.Build.0 = Debug|Any CPU
		{D5B130D2-7F8A-44E5-AF6F-974923BBC8AE}.Release|Any CPU.ActiveCfg = Release|Any CPU
		{D5B130D2-7F8A-44E5-AF6F-974923BBC8AE}.Release|Any CPU.Build.0 = Release|Any CPU
		{D5B130D2-7F8A-44E5-AF6F-974923BBC8AE}.Release|ARM.ActiveCfg = Release|Any CPU
		{D5B130D2-7F8A-44E5-AF6F-974923BBC8AE}.Release|ARM.Build.0 = Release|Any CPU
		{D5B130D2-7F8A-44E5-AF6F-974923BBC8AE}.Release|iPhone.ActiveCfg = Release|Any CPU
		{D5B130D2-7F8A-44E5-AF6F-974923BBC8AE}.Release|iPhone.Build.0 = Release|Any CPU
		{D5B130D2-7F8A-44E5-AF6F-974923BBC8AE}.Release|iPhoneSimulator.ActiveCfg = Release|Any CPU
		{D5B130D2-7F8A-44E5-AF6F-974923BBC8AE}.Release|iPhoneSimulator.Build.0 = Release|Any CPU
		{D5B130D2-7F8A-44E5-AF6F-974923BBC8AE}.Release|x64.ActiveCfg = Release|Any CPU
		{D5B130D2-7F8A-44E5-AF6F-974923BBC8AE}.Release|x64.Build.0 = Release|Any CPU
		{D5B130D2-7F8A-44E5-AF6F-974923BBC8AE}.Release|x86.ActiveCfg = Release|Any CPU
		{D5B130D2-7F8A-44E5-AF6F-974923BBC8AE}.Release|x86.Build.0 = Release|Any CPU
		{D5B130D2-7F8A-44E5-AF6F-974923BBC8AE}.Stage|Any CPU.ActiveCfg = Stage|Any CPU
		{D5B130D2-7F8A-44E5-AF6F-974923BBC8AE}.Stage|Any CPU.Build.0 = Stage|Any CPU
		{D5B130D2-7F8A-44E5-AF6F-974923BBC8AE}.Stage|ARM.ActiveCfg = Stage|Any CPU
		{D5B130D2-7F8A-44E5-AF6F-974923BBC8AE}.Stage|ARM.Build.0 = Stage|Any CPU
		{D5B130D2-7F8A-44E5-AF6F-974923BBC8AE}.Stage|iPhone.ActiveCfg = Stage|Any CPU
		{D5B130D2-7F8A-44E5-AF6F-974923BBC8AE}.Stage|iPhone.Build.0 = Stage|Any CPU
		{D5B130D2-7F8A-44E5-AF6F-974923BBC8AE}.Stage|iPhoneSimulator.ActiveCfg = Stage|Any CPU
		{D5B130D2-7F8A-44E5-AF6F-974923BBC8AE}.Stage|iPhoneSimulator.Build.0 = Stage|Any CPU
		{D5B130D2-7F8A-44E5-AF6F-974923BBC8AE}.Stage|x64.ActiveCfg = Stage|Any CPU
		{D5B130D2-7F8A-44E5-AF6F-974923BBC8AE}.Stage|x64.Build.0 = Stage|Any CPU
		{D5B130D2-7F8A-44E5-AF6F-974923BBC8AE}.Stage|x86.ActiveCfg = Stage|Any CPU
		{D5B130D2-7F8A-44E5-AF6F-974923BBC8AE}.Stage|x86.Build.0 = Stage|Any CPU
		{354601D9-FACB-488E-9A70-2C8B3A4F70FC}.Ad-Hoc|Any CPU.ActiveCfg = Stage|Any CPU
		{354601D9-FACB-488E-9A70-2C8B3A4F70FC}.Ad-Hoc|Any CPU.Build.0 = Stage|Any CPU
		{354601D9-FACB-488E-9A70-2C8B3A4F70FC}.Ad-Hoc|ARM.ActiveCfg = Stage|Any CPU
		{354601D9-FACB-488E-9A70-2C8B3A4F70FC}.Ad-Hoc|ARM.Build.0 = Stage|Any CPU
		{354601D9-FACB-488E-9A70-2C8B3A4F70FC}.Ad-Hoc|iPhone.ActiveCfg = Stage|Any CPU
		{354601D9-FACB-488E-9A70-2C8B3A4F70FC}.Ad-Hoc|iPhone.Build.0 = Stage|Any CPU
		{354601D9-FACB-488E-9A70-2C8B3A4F70FC}.Ad-Hoc|iPhoneSimulator.ActiveCfg = Stage|Any CPU
		{354601D9-FACB-488E-9A70-2C8B3A4F70FC}.Ad-Hoc|iPhoneSimulator.Build.0 = Stage|Any CPU
		{354601D9-FACB-488E-9A70-2C8B3A4F70FC}.Ad-Hoc|x64.ActiveCfg = Stage|Any CPU
		{354601D9-FACB-488E-9A70-2C8B3A4F70FC}.Ad-Hoc|x64.Build.0 = Stage|Any CPU
		{354601D9-FACB-488E-9A70-2C8B3A4F70FC}.Ad-Hoc|x86.ActiveCfg = Stage|Any CPU
		{354601D9-FACB-488E-9A70-2C8B3A4F70FC}.Ad-Hoc|x86.Build.0 = Stage|Any CPU
		{354601D9-FACB-488E-9A70-2C8B3A4F70FC}.AppStore|Any CPU.ActiveCfg = Stage|Any CPU
		{354601D9-FACB-488E-9A70-2C8B3A4F70FC}.AppStore|Any CPU.Build.0 = Stage|Any CPU
		{354601D9-FACB-488E-9A70-2C8B3A4F70FC}.AppStore|ARM.ActiveCfg = Stage|Any CPU
		{354601D9-FACB-488E-9A70-2C8B3A4F70FC}.AppStore|ARM.Build.0 = Stage|Any CPU
		{354601D9-FACB-488E-9A70-2C8B3A4F70FC}.AppStore|iPhone.ActiveCfg = Stage|Any CPU
		{354601D9-FACB-488E-9A70-2C8B3A4F70FC}.AppStore|iPhone.Build.0 = Stage|Any CPU
		{354601D9-FACB-488E-9A70-2C8B3A4F70FC}.AppStore|iPhoneSimulator.ActiveCfg = Stage|Any CPU
		{354601D9-FACB-488E-9A70-2C8B3A4F70FC}.AppStore|iPhoneSimulator.Build.0 = Stage|Any CPU
		{354601D9-FACB-488E-9A70-2C8B3A4F70FC}.AppStore|x64.ActiveCfg = Stage|Any CPU
		{354601D9-FACB-488E-9A70-2C8B3A4F70FC}.AppStore|x64.Build.0 = Stage|Any CPU
		{354601D9-FACB-488E-9A70-2C8B3A4F70FC}.AppStore|x86.ActiveCfg = Stage|Any CPU
		{354601D9-FACB-488E-9A70-2C8B3A4F70FC}.AppStore|x86.Build.0 = Stage|Any CPU
		{354601D9-FACB-488E-9A70-2C8B3A4F70FC}.Debug|Any CPU.ActiveCfg = Debug|Any CPU
		{354601D9-FACB-488E-9A70-2C8B3A4F70FC}.Debug|Any CPU.Build.0 = Debug|Any CPU
		{354601D9-FACB-488E-9A70-2C8B3A4F70FC}.Debug|ARM.ActiveCfg = Debug|Any CPU
		{354601D9-FACB-488E-9A70-2C8B3A4F70FC}.Debug|ARM.Build.0 = Debug|Any CPU
		{354601D9-FACB-488E-9A70-2C8B3A4F70FC}.Debug|iPhone.ActiveCfg = Debug|Any CPU
		{354601D9-FACB-488E-9A70-2C8B3A4F70FC}.Debug|iPhone.Build.0 = Debug|Any CPU
		{354601D9-FACB-488E-9A70-2C8B3A4F70FC}.Debug|iPhoneSimulator.ActiveCfg = Debug|Any CPU
		{354601D9-FACB-488E-9A70-2C8B3A4F70FC}.Debug|iPhoneSimulator.Build.0 = Debug|Any CPU
		{354601D9-FACB-488E-9A70-2C8B3A4F70FC}.Debug|x64.ActiveCfg = Debug|Any CPU
		{354601D9-FACB-488E-9A70-2C8B3A4F70FC}.Debug|x64.Build.0 = Debug|Any CPU
		{354601D9-FACB-488E-9A70-2C8B3A4F70FC}.Debug|x86.ActiveCfg = Debug|Any CPU
		{354601D9-FACB-488E-9A70-2C8B3A4F70FC}.Debug|x86.Build.0 = Debug|Any CPU
		{354601D9-FACB-488E-9A70-2C8B3A4F70FC}.Release|Any CPU.ActiveCfg = Release|Any CPU
		{354601D9-FACB-488E-9A70-2C8B3A4F70FC}.Release|Any CPU.Build.0 = Release|Any CPU
		{354601D9-FACB-488E-9A70-2C8B3A4F70FC}.Release|ARM.ActiveCfg = Release|Any CPU
		{354601D9-FACB-488E-9A70-2C8B3A4F70FC}.Release|ARM.Build.0 = Release|Any CPU
		{354601D9-FACB-488E-9A70-2C8B3A4F70FC}.Release|iPhone.ActiveCfg = Release|Any CPU
		{354601D9-FACB-488E-9A70-2C8B3A4F70FC}.Release|iPhone.Build.0 = Release|Any CPU
		{354601D9-FACB-488E-9A70-2C8B3A4F70FC}.Release|iPhoneSimulator.ActiveCfg = Release|Any CPU
		{354601D9-FACB-488E-9A70-2C8B3A4F70FC}.Release|iPhoneSimulator.Build.0 = Release|Any CPU
		{354601D9-FACB-488E-9A70-2C8B3A4F70FC}.Release|x64.ActiveCfg = Release|Any CPU
		{354601D9-FACB-488E-9A70-2C8B3A4F70FC}.Release|x64.Build.0 = Release|Any CPU
		{354601D9-FACB-488E-9A70-2C8B3A4F70FC}.Release|x86.ActiveCfg = Release|Any CPU
		{354601D9-FACB-488E-9A70-2C8B3A4F70FC}.Release|x86.Build.0 = Release|Any CPU
		{354601D9-FACB-488E-9A70-2C8B3A4F70FC}.Stage|Any CPU.ActiveCfg = Stage|Any CPU
		{354601D9-FACB-488E-9A70-2C8B3A4F70FC}.Stage|Any CPU.Build.0 = Stage|Any CPU
		{354601D9-FACB-488E-9A70-2C8B3A4F70FC}.Stage|ARM.ActiveCfg = Stage|Any CPU
		{354601D9-FACB-488E-9A70-2C8B3A4F70FC}.Stage|ARM.Build.0 = Stage|Any CPU
		{354601D9-FACB-488E-9A70-2C8B3A4F70FC}.Stage|iPhone.ActiveCfg = Stage|Any CPU
		{354601D9-FACB-488E-9A70-2C8B3A4F70FC}.Stage|iPhone.Build.0 = Stage|Any CPU
		{354601D9-FACB-488E-9A70-2C8B3A4F70FC}.Stage|iPhoneSimulator.ActiveCfg = Stage|Any CPU
		{354601D9-FACB-488E-9A70-2C8B3A4F70FC}.Stage|iPhoneSimulator.Build.0 = Stage|Any CPU
		{354601D9-FACB-488E-9A70-2C8B3A4F70FC}.Stage|x64.ActiveCfg = Stage|Any CPU
		{354601D9-FACB-488E-9A70-2C8B3A4F70FC}.Stage|x64.Build.0 = Stage|Any CPU
		{354601D9-FACB-488E-9A70-2C8B3A4F70FC}.Stage|x86.ActiveCfg = Stage|Any CPU
		{354601D9-FACB-488E-9A70-2C8B3A4F70FC}.Stage|x86.Build.0 = Stage|Any CPU
		{29D7E8B3-88FF-4CB7-A0D4-21521AB7D39D}.Ad-Hoc|Any CPU.ActiveCfg = Release|Any CPU
		{29D7E8B3-88FF-4CB7-A0D4-21521AB7D39D}.Ad-Hoc|Any CPU.Build.0 = Release|Any CPU
		{29D7E8B3-88FF-4CB7-A0D4-21521AB7D39D}.Ad-Hoc|ARM.ActiveCfg = Release|Any CPU
		{29D7E8B3-88FF-4CB7-A0D4-21521AB7D39D}.Ad-Hoc|ARM.Build.0 = Release|Any CPU
		{29D7E8B3-88FF-4CB7-A0D4-21521AB7D39D}.Ad-Hoc|iPhone.ActiveCfg = Release|Any CPU
		{29D7E8B3-88FF-4CB7-A0D4-21521AB7D39D}.Ad-Hoc|iPhone.Build.0 = Release|Any CPU
		{29D7E8B3-88FF-4CB7-A0D4-21521AB7D39D}.Ad-Hoc|iPhoneSimulator.ActiveCfg = Release|Any CPU
		{29D7E8B3-88FF-4CB7-A0D4-21521AB7D39D}.Ad-Hoc|iPhoneSimulator.Build.0 = Release|Any CPU
		{29D7E8B3-88FF-4CB7-A0D4-21521AB7D39D}.Ad-Hoc|x64.ActiveCfg = Release|Any CPU
		{29D7E8B3-88FF-4CB7-A0D4-21521AB7D39D}.Ad-Hoc|x64.Build.0 = Release|Any CPU
		{29D7E8B3-88FF-4CB7-A0D4-21521AB7D39D}.Ad-Hoc|x86.ActiveCfg = Release|Any CPU
		{29D7E8B3-88FF-4CB7-A0D4-21521AB7D39D}.Ad-Hoc|x86.Build.0 = Release|Any CPU
		{29D7E8B3-88FF-4CB7-A0D4-21521AB7D39D}.AppStore|Any CPU.ActiveCfg = Release|Any CPU
		{29D7E8B3-88FF-4CB7-A0D4-21521AB7D39D}.AppStore|Any CPU.Build.0 = Release|Any CPU
		{29D7E8B3-88FF-4CB7-A0D4-21521AB7D39D}.AppStore|ARM.ActiveCfg = Release|Any CPU
		{29D7E8B3-88FF-4CB7-A0D4-21521AB7D39D}.AppStore|ARM.Build.0 = Release|Any CPU
		{29D7E8B3-88FF-4CB7-A0D4-21521AB7D39D}.AppStore|iPhone.ActiveCfg = Release|Any CPU
		{29D7E8B3-88FF-4CB7-A0D4-21521AB7D39D}.AppStore|iPhone.Build.0 = Release|Any CPU
		{29D7E8B3-88FF-4CB7-A0D4-21521AB7D39D}.AppStore|iPhoneSimulator.ActiveCfg = Release|Any CPU
		{29D7E8B3-88FF-4CB7-A0D4-21521AB7D39D}.AppStore|iPhoneSimulator.Build.0 = Release|Any CPU
		{29D7E8B3-88FF-4CB7-A0D4-21521AB7D39D}.AppStore|x64.ActiveCfg = Release|Any CPU
		{29D7E8B3-88FF-4CB7-A0D4-21521AB7D39D}.AppStore|x64.Build.0 = Release|Any CPU
		{29D7E8B3-88FF-4CB7-A0D4-21521AB7D39D}.AppStore|x86.ActiveCfg = Release|Any CPU
		{29D7E8B3-88FF-4CB7-A0D4-21521AB7D39D}.AppStore|x86.Build.0 = Release|Any CPU
		{29D7E8B3-88FF-4CB7-A0D4-21521AB7D39D}.Debug|Any CPU.ActiveCfg = Debug|Any CPU
		{29D7E8B3-88FF-4CB7-A0D4-21521AB7D39D}.Debug|Any CPU.Build.0 = Debug|Any CPU
		{29D7E8B3-88FF-4CB7-A0D4-21521AB7D39D}.Debug|ARM.ActiveCfg = Debug|Any CPU
		{29D7E8B3-88FF-4CB7-A0D4-21521AB7D39D}.Debug|ARM.Build.0 = Debug|Any CPU
		{29D7E8B3-88FF-4CB7-A0D4-21521AB7D39D}.Debug|iPhone.ActiveCfg = Debug|Any CPU
		{29D7E8B3-88FF-4CB7-A0D4-21521AB7D39D}.Debug|iPhone.Build.0 = Debug|Any CPU
		{29D7E8B3-88FF-4CB7-A0D4-21521AB7D39D}.Debug|iPhoneSimulator.ActiveCfg = Debug|Any CPU
		{29D7E8B3-88FF-4CB7-A0D4-21521AB7D39D}.Debug|iPhoneSimulator.Build.0 = Debug|Any CPU
		{29D7E8B3-88FF-4CB7-A0D4-21521AB7D39D}.Debug|x64.ActiveCfg = Debug|Any CPU
		{29D7E8B3-88FF-4CB7-A0D4-21521AB7D39D}.Debug|x64.Build.0 = Debug|Any CPU
		{29D7E8B3-88FF-4CB7-A0D4-21521AB7D39D}.Debug|x86.ActiveCfg = Debug|Any CPU
		{29D7E8B3-88FF-4CB7-A0D4-21521AB7D39D}.Debug|x86.Build.0 = Debug|Any CPU
		{29D7E8B3-88FF-4CB7-A0D4-21521AB7D39D}.Release|Any CPU.ActiveCfg = Release|Any CPU
		{29D7E8B3-88FF-4CB7-A0D4-21521AB7D39D}.Release|Any CPU.Build.0 = Release|Any CPU
		{29D7E8B3-88FF-4CB7-A0D4-21521AB7D39D}.Release|ARM.ActiveCfg = Release|Any CPU
		{29D7E8B3-88FF-4CB7-A0D4-21521AB7D39D}.Release|ARM.Build.0 = Release|Any CPU
		{29D7E8B3-88FF-4CB7-A0D4-21521AB7D39D}.Release|iPhone.ActiveCfg = Release|Any CPU
		{29D7E8B3-88FF-4CB7-A0D4-21521AB7D39D}.Release|iPhone.Build.0 = Release|Any CPU
		{29D7E8B3-88FF-4CB7-A0D4-21521AB7D39D}.Release|iPhoneSimulator.ActiveCfg = Release|Any CPU
		{29D7E8B3-88FF-4CB7-A0D4-21521AB7D39D}.Release|iPhoneSimulator.Build.0 = Release|Any CPU
		{29D7E8B3-88FF-4CB7-A0D4-21521AB7D39D}.Release|x64.ActiveCfg = Release|Any CPU
		{29D7E8B3-88FF-4CB7-A0D4-21521AB7D39D}.Release|x64.Build.0 = Release|Any CPU
		{29D7E8B3-88FF-4CB7-A0D4-21521AB7D39D}.Release|x86.ActiveCfg = Release|Any CPU
		{29D7E8B3-88FF-4CB7-A0D4-21521AB7D39D}.Release|x86.Build.0 = Release|Any CPU
		{29D7E8B3-88FF-4CB7-A0D4-21521AB7D39D}.Stage|Any CPU.ActiveCfg = Release|Any CPU
		{29D7E8B3-88FF-4CB7-A0D4-21521AB7D39D}.Stage|Any CPU.Build.0 = Release|Any CPU
		{29D7E8B3-88FF-4CB7-A0D4-21521AB7D39D}.Stage|ARM.ActiveCfg = Release|Any CPU
		{29D7E8B3-88FF-4CB7-A0D4-21521AB7D39D}.Stage|ARM.Build.0 = Release|Any CPU
		{29D7E8B3-88FF-4CB7-A0D4-21521AB7D39D}.Stage|iPhone.ActiveCfg = Release|Any CPU
		{29D7E8B3-88FF-4CB7-A0D4-21521AB7D39D}.Stage|iPhone.Build.0 = Release|Any CPU
		{29D7E8B3-88FF-4CB7-A0D4-21521AB7D39D}.Stage|iPhoneSimulator.ActiveCfg = Release|Any CPU
		{29D7E8B3-88FF-4CB7-A0D4-21521AB7D39D}.Stage|iPhoneSimulator.Build.0 = Release|Any CPU
		{29D7E8B3-88FF-4CB7-A0D4-21521AB7D39D}.Stage|x64.ActiveCfg = Release|Any CPU
		{29D7E8B3-88FF-4CB7-A0D4-21521AB7D39D}.Stage|x64.Build.0 = Release|Any CPU
		{29D7E8B3-88FF-4CB7-A0D4-21521AB7D39D}.Stage|x86.ActiveCfg = Release|Any CPU
		{29D7E8B3-88FF-4CB7-A0D4-21521AB7D39D}.Stage|x86.Build.0 = Release|Any CPU
		{80E98D90-3035-42FF-B4B6-C4E2A234E16C}.Ad-Hoc|Any CPU.ActiveCfg = Ad-Hoc|iPhone
		{80E98D90-3035-42FF-B4B6-C4E2A234E16C}.Ad-Hoc|ARM.ActiveCfg = Ad-Hoc|iPhone
		{80E98D90-3035-42FF-B4B6-C4E2A234E16C}.Ad-Hoc|iPhone.ActiveCfg = Ad-Hoc|iPhone
		{80E98D90-3035-42FF-B4B6-C4E2A234E16C}.Ad-Hoc|iPhone.Build.0 = Ad-Hoc|iPhone
		{80E98D90-3035-42FF-B4B6-C4E2A234E16C}.Ad-Hoc|iPhoneSimulator.ActiveCfg = Ad-Hoc|iPhoneSimulator
		{80E98D90-3035-42FF-B4B6-C4E2A234E16C}.Ad-Hoc|iPhoneSimulator.Build.0 = Ad-Hoc|iPhoneSimulator
		{80E98D90-3035-42FF-B4B6-C4E2A234E16C}.Ad-Hoc|x64.ActiveCfg = Ad-Hoc|iPhone
		{80E98D90-3035-42FF-B4B6-C4E2A234E16C}.Ad-Hoc|x86.ActiveCfg = Ad-Hoc|iPhone
		{80E98D90-3035-42FF-B4B6-C4E2A234E16C}.AppStore|Any CPU.ActiveCfg = AppStore|iPhone
		{80E98D90-3035-42FF-B4B6-C4E2A234E16C}.AppStore|ARM.ActiveCfg = AppStore|iPhone
		{80E98D90-3035-42FF-B4B6-C4E2A234E16C}.AppStore|iPhone.ActiveCfg = AppStore|iPhone
		{80E98D90-3035-42FF-B4B6-C4E2A234E16C}.AppStore|iPhone.Build.0 = AppStore|iPhone
		{80E98D90-3035-42FF-B4B6-C4E2A234E16C}.AppStore|iPhoneSimulator.ActiveCfg = AppStore|iPhoneSimulator
		{80E98D90-3035-42FF-B4B6-C4E2A234E16C}.AppStore|iPhoneSimulator.Build.0 = AppStore|iPhoneSimulator
		{80E98D90-3035-42FF-B4B6-C4E2A234E16C}.AppStore|x64.ActiveCfg = AppStore|iPhone
		{80E98D90-3035-42FF-B4B6-C4E2A234E16C}.AppStore|x86.ActiveCfg = AppStore|iPhone
		{80E98D90-3035-42FF-B4B6-C4E2A234E16C}.Debug|Any CPU.ActiveCfg = Debug|iPhone
		{80E98D90-3035-42FF-B4B6-C4E2A234E16C}.Debug|ARM.ActiveCfg = Debug|iPhone
		{80E98D90-3035-42FF-B4B6-C4E2A234E16C}.Debug|iPhone.ActiveCfg = Debug|iPhone
		{80E98D90-3035-42FF-B4B6-C4E2A234E16C}.Debug|iPhone.Build.0 = Debug|iPhone
		{80E98D90-3035-42FF-B4B6-C4E2A234E16C}.Debug|iPhoneSimulator.ActiveCfg = Debug|iPhoneSimulator
		{80E98D90-3035-42FF-B4B6-C4E2A234E16C}.Debug|iPhoneSimulator.Build.0 = Debug|iPhoneSimulator
		{80E98D90-3035-42FF-B4B6-C4E2A234E16C}.Debug|x64.ActiveCfg = Debug|iPhone
		{80E98D90-3035-42FF-B4B6-C4E2A234E16C}.Debug|x86.ActiveCfg = Debug|iPhone
		{80E98D90-3035-42FF-B4B6-C4E2A234E16C}.Release|Any CPU.ActiveCfg = Release|iPhone
		{80E98D90-3035-42FF-B4B6-C4E2A234E16C}.Release|ARM.ActiveCfg = Release|iPhone
		{80E98D90-3035-42FF-B4B6-C4E2A234E16C}.Release|iPhone.ActiveCfg = Release|iPhone
		{80E98D90-3035-42FF-B4B6-C4E2A234E16C}.Release|iPhone.Build.0 = Release|iPhone
		{80E98D90-3035-42FF-B4B6-C4E2A234E16C}.Release|iPhoneSimulator.ActiveCfg = Release|iPhoneSimulator
		{80E98D90-3035-42FF-B4B6-C4E2A234E16C}.Release|iPhoneSimulator.Build.0 = Release|iPhoneSimulator
		{80E98D90-3035-42FF-B4B6-C4E2A234E16C}.Release|x64.ActiveCfg = Release|iPhone
		{80E98D90-3035-42FF-B4B6-C4E2A234E16C}.Release|x86.ActiveCfg = Release|iPhone
		{80E98D90-3035-42FF-B4B6-C4E2A234E16C}.Stage|Any CPU.ActiveCfg = AppStore|iPhone
		{80E98D90-3035-42FF-B4B6-C4E2A234E16C}.Stage|Any CPU.Build.0 = AppStore|iPhone
		{80E98D90-3035-42FF-B4B6-C4E2A234E16C}.Stage|ARM.ActiveCfg = AppStore|iPhone
		{80E98D90-3035-42FF-B4B6-C4E2A234E16C}.Stage|ARM.Build.0 = AppStore|iPhone
		{80E98D90-3035-42FF-B4B6-C4E2A234E16C}.Stage|iPhone.ActiveCfg = AppStore|iPhone
		{80E98D90-3035-42FF-B4B6-C4E2A234E16C}.Stage|iPhone.Build.0 = AppStore|iPhone
		{80E98D90-3035-42FF-B4B6-C4E2A234E16C}.Stage|iPhoneSimulator.ActiveCfg = AppStore|iPhoneSimulator
		{80E98D90-3035-42FF-B4B6-C4E2A234E16C}.Stage|iPhoneSimulator.Build.0 = AppStore|iPhoneSimulator
		{80E98D90-3035-42FF-B4B6-C4E2A234E16C}.Stage|x64.ActiveCfg = AppStore|iPhone
		{80E98D90-3035-42FF-B4B6-C4E2A234E16C}.Stage|x64.Build.0 = AppStore|iPhone
		{80E98D90-3035-42FF-B4B6-C4E2A234E16C}.Stage|x86.ActiveCfg = AppStore|iPhone
		{80E98D90-3035-42FF-B4B6-C4E2A234E16C}.Stage|x86.Build.0 = AppStore|iPhone
		{52BBCFEF-6414-49A7-A9C7-0FF412165F2D}.Ad-Hoc|Any CPU.ActiveCfg = Release|Any CPU
		{52BBCFEF-6414-49A7-A9C7-0FF412165F2D}.Ad-Hoc|Any CPU.Build.0 = Release|Any CPU
		{52BBCFEF-6414-49A7-A9C7-0FF412165F2D}.Ad-Hoc|ARM.ActiveCfg = Release|Any CPU
		{52BBCFEF-6414-49A7-A9C7-0FF412165F2D}.Ad-Hoc|ARM.Build.0 = Release|Any CPU
		{52BBCFEF-6414-49A7-A9C7-0FF412165F2D}.Ad-Hoc|iPhone.ActiveCfg = Release|Any CPU
		{52BBCFEF-6414-49A7-A9C7-0FF412165F2D}.Ad-Hoc|iPhone.Build.0 = Release|Any CPU
		{52BBCFEF-6414-49A7-A9C7-0FF412165F2D}.Ad-Hoc|iPhoneSimulator.ActiveCfg = Release|Any CPU
		{52BBCFEF-6414-49A7-A9C7-0FF412165F2D}.Ad-Hoc|iPhoneSimulator.Build.0 = Release|Any CPU
		{52BBCFEF-6414-49A7-A9C7-0FF412165F2D}.Ad-Hoc|x64.ActiveCfg = Release|Any CPU
		{52BBCFEF-6414-49A7-A9C7-0FF412165F2D}.Ad-Hoc|x64.Build.0 = Release|Any CPU
		{52BBCFEF-6414-49A7-A9C7-0FF412165F2D}.Ad-Hoc|x86.ActiveCfg = Release|Any CPU
		{52BBCFEF-6414-49A7-A9C7-0FF412165F2D}.Ad-Hoc|x86.Build.0 = Release|Any CPU
		{52BBCFEF-6414-49A7-A9C7-0FF412165F2D}.AppStore|Any CPU.ActiveCfg = Release|Any CPU
		{52BBCFEF-6414-49A7-A9C7-0FF412165F2D}.AppStore|Any CPU.Build.0 = Release|Any CPU
		{52BBCFEF-6414-49A7-A9C7-0FF412165F2D}.AppStore|ARM.ActiveCfg = Release|Any CPU
		{52BBCFEF-6414-49A7-A9C7-0FF412165F2D}.AppStore|ARM.Build.0 = Release|Any CPU
		{52BBCFEF-6414-49A7-A9C7-0FF412165F2D}.AppStore|iPhone.ActiveCfg = Release|Any CPU
		{52BBCFEF-6414-49A7-A9C7-0FF412165F2D}.AppStore|iPhone.Build.0 = Release|Any CPU
		{52BBCFEF-6414-49A7-A9C7-0FF412165F2D}.AppStore|iPhoneSimulator.ActiveCfg = Release|Any CPU
		{52BBCFEF-6414-49A7-A9C7-0FF412165F2D}.AppStore|iPhoneSimulator.Build.0 = Release|Any CPU
		{52BBCFEF-6414-49A7-A9C7-0FF412165F2D}.AppStore|x64.ActiveCfg = Release|Any CPU
		{52BBCFEF-6414-49A7-A9C7-0FF412165F2D}.AppStore|x64.Build.0 = Release|Any CPU
		{52BBCFEF-6414-49A7-A9C7-0FF412165F2D}.AppStore|x86.ActiveCfg = Release|Any CPU
		{52BBCFEF-6414-49A7-A9C7-0FF412165F2D}.AppStore|x86.Build.0 = Release|Any CPU
		{52BBCFEF-6414-49A7-A9C7-0FF412165F2D}.Debug|Any CPU.ActiveCfg = Debug|Any CPU
		{52BBCFEF-6414-49A7-A9C7-0FF412165F2D}.Debug|Any CPU.Build.0 = Debug|Any CPU
		{52BBCFEF-6414-49A7-A9C7-0FF412165F2D}.Debug|ARM.ActiveCfg = Debug|Any CPU
		{52BBCFEF-6414-49A7-A9C7-0FF412165F2D}.Debug|ARM.Build.0 = Debug|Any CPU
		{52BBCFEF-6414-49A7-A9C7-0FF412165F2D}.Debug|iPhone.ActiveCfg = Debug|Any CPU
		{52BBCFEF-6414-49A7-A9C7-0FF412165F2D}.Debug|iPhone.Build.0 = Debug|Any CPU
		{52BBCFEF-6414-49A7-A9C7-0FF412165F2D}.Debug|iPhoneSimulator.ActiveCfg = Debug|Any CPU
		{52BBCFEF-6414-49A7-A9C7-0FF412165F2D}.Debug|iPhoneSimulator.Build.0 = Debug|Any CPU
		{52BBCFEF-6414-49A7-A9C7-0FF412165F2D}.Debug|x64.ActiveCfg = Debug|Any CPU
		{52BBCFEF-6414-49A7-A9C7-0FF412165F2D}.Debug|x64.Build.0 = Debug|Any CPU
		{52BBCFEF-6414-49A7-A9C7-0FF412165F2D}.Debug|x86.ActiveCfg = Debug|Any CPU
		{52BBCFEF-6414-49A7-A9C7-0FF412165F2D}.Debug|x86.Build.0 = Debug|Any CPU
		{52BBCFEF-6414-49A7-A9C7-0FF412165F2D}.Release|Any CPU.ActiveCfg = Release|Any CPU
		{52BBCFEF-6414-49A7-A9C7-0FF412165F2D}.Release|Any CPU.Build.0 = Release|Any CPU
		{52BBCFEF-6414-49A7-A9C7-0FF412165F2D}.Release|ARM.ActiveCfg = Release|Any CPU
		{52BBCFEF-6414-49A7-A9C7-0FF412165F2D}.Release|ARM.Build.0 = Release|Any CPU
		{52BBCFEF-6414-49A7-A9C7-0FF412165F2D}.Release|iPhone.ActiveCfg = Release|Any CPU
		{52BBCFEF-6414-49A7-A9C7-0FF412165F2D}.Release|iPhone.Build.0 = Release|Any CPU
		{52BBCFEF-6414-49A7-A9C7-0FF412165F2D}.Release|iPhoneSimulator.ActiveCfg = Release|Any CPU
		{52BBCFEF-6414-49A7-A9C7-0FF412165F2D}.Release|iPhoneSimulator.Build.0 = Release|Any CPU
		{52BBCFEF-6414-49A7-A9C7-0FF412165F2D}.Release|x64.ActiveCfg = Release|Any CPU
		{52BBCFEF-6414-49A7-A9C7-0FF412165F2D}.Release|x64.Build.0 = Release|Any CPU
		{52BBCFEF-6414-49A7-A9C7-0FF412165F2D}.Release|x86.ActiveCfg = Release|Any CPU
		{52BBCFEF-6414-49A7-A9C7-0FF412165F2D}.Release|x86.Build.0 = Release|Any CPU
		{52BBCFEF-6414-49A7-A9C7-0FF412165F2D}.Stage|Any CPU.ActiveCfg = Release|Any CPU
		{52BBCFEF-6414-49A7-A9C7-0FF412165F2D}.Stage|Any CPU.Build.0 = Release|Any CPU
		{52BBCFEF-6414-49A7-A9C7-0FF412165F2D}.Stage|ARM.ActiveCfg = Release|Any CPU
		{52BBCFEF-6414-49A7-A9C7-0FF412165F2D}.Stage|ARM.Build.0 = Release|Any CPU
		{52BBCFEF-6414-49A7-A9C7-0FF412165F2D}.Stage|iPhone.ActiveCfg = Release|Any CPU
		{52BBCFEF-6414-49A7-A9C7-0FF412165F2D}.Stage|iPhone.Build.0 = Release|Any CPU
		{52BBCFEF-6414-49A7-A9C7-0FF412165F2D}.Stage|iPhoneSimulator.ActiveCfg = Release|Any CPU
		{52BBCFEF-6414-49A7-A9C7-0FF412165F2D}.Stage|iPhoneSimulator.Build.0 = Release|Any CPU
		{52BBCFEF-6414-49A7-A9C7-0FF412165F2D}.Stage|x64.ActiveCfg = Release|Any CPU
		{52BBCFEF-6414-49A7-A9C7-0FF412165F2D}.Stage|x64.Build.0 = Release|Any CPU
		{52BBCFEF-6414-49A7-A9C7-0FF412165F2D}.Stage|x86.ActiveCfg = Release|Any CPU
		{52BBCFEF-6414-49A7-A9C7-0FF412165F2D}.Stage|x86.Build.0 = Release|Any CPU
		{42EC19CC-6928-41F4-980F-8AD0B8FEC399}.Ad-Hoc|Any CPU.ActiveCfg = Release|Any CPU
		{42EC19CC-6928-41F4-980F-8AD0B8FEC399}.Ad-Hoc|Any CPU.Build.0 = Release|Any CPU
		{42EC19CC-6928-41F4-980F-8AD0B8FEC399}.Ad-Hoc|Any CPU.Deploy.0 = Release|Any CPU
		{42EC19CC-6928-41F4-980F-8AD0B8FEC399}.Ad-Hoc|ARM.ActiveCfg = Release|Any CPU
		{42EC19CC-6928-41F4-980F-8AD0B8FEC399}.Ad-Hoc|ARM.Build.0 = Release|Any CPU
		{42EC19CC-6928-41F4-980F-8AD0B8FEC399}.Ad-Hoc|ARM.Deploy.0 = Release|Any CPU
		{42EC19CC-6928-41F4-980F-8AD0B8FEC399}.Ad-Hoc|iPhone.ActiveCfg = Release|Any CPU
		{42EC19CC-6928-41F4-980F-8AD0B8FEC399}.Ad-Hoc|iPhone.Build.0 = Release|Any CPU
		{42EC19CC-6928-41F4-980F-8AD0B8FEC399}.Ad-Hoc|iPhone.Deploy.0 = Release|Any CPU
		{42EC19CC-6928-41F4-980F-8AD0B8FEC399}.Ad-Hoc|iPhoneSimulator.ActiveCfg = Release|Any CPU
		{42EC19CC-6928-41F4-980F-8AD0B8FEC399}.Ad-Hoc|iPhoneSimulator.Build.0 = Release|Any CPU
		{42EC19CC-6928-41F4-980F-8AD0B8FEC399}.Ad-Hoc|iPhoneSimulator.Deploy.0 = Release|Any CPU
		{42EC19CC-6928-41F4-980F-8AD0B8FEC399}.Ad-Hoc|x64.ActiveCfg = Release|Any CPU
		{42EC19CC-6928-41F4-980F-8AD0B8FEC399}.Ad-Hoc|x64.Build.0 = Release|Any CPU
		{42EC19CC-6928-41F4-980F-8AD0B8FEC399}.Ad-Hoc|x64.Deploy.0 = Release|Any CPU
		{42EC19CC-6928-41F4-980F-8AD0B8FEC399}.Ad-Hoc|x86.ActiveCfg = Release|Any CPU
		{42EC19CC-6928-41F4-980F-8AD0B8FEC399}.Ad-Hoc|x86.Build.0 = Release|Any CPU
		{42EC19CC-6928-41F4-980F-8AD0B8FEC399}.Ad-Hoc|x86.Deploy.0 = Release|Any CPU
		{42EC19CC-6928-41F4-980F-8AD0B8FEC399}.AppStore|Any CPU.ActiveCfg = Release|Any CPU
		{42EC19CC-6928-41F4-980F-8AD0B8FEC399}.AppStore|Any CPU.Build.0 = Release|Any CPU
		{42EC19CC-6928-41F4-980F-8AD0B8FEC399}.AppStore|Any CPU.Deploy.0 = Release|Any CPU
		{42EC19CC-6928-41F4-980F-8AD0B8FEC399}.AppStore|ARM.ActiveCfg = Release|Any CPU
		{42EC19CC-6928-41F4-980F-8AD0B8FEC399}.AppStore|ARM.Build.0 = Release|Any CPU
		{42EC19CC-6928-41F4-980F-8AD0B8FEC399}.AppStore|ARM.Deploy.0 = Release|Any CPU
		{42EC19CC-6928-41F4-980F-8AD0B8FEC399}.AppStore|iPhone.ActiveCfg = Release|Any CPU
		{42EC19CC-6928-41F4-980F-8AD0B8FEC399}.AppStore|iPhone.Build.0 = Release|Any CPU
		{42EC19CC-6928-41F4-980F-8AD0B8FEC399}.AppStore|iPhone.Deploy.0 = Release|Any CPU
		{42EC19CC-6928-41F4-980F-8AD0B8FEC399}.AppStore|iPhoneSimulator.ActiveCfg = Release|Any CPU
		{42EC19CC-6928-41F4-980F-8AD0B8FEC399}.AppStore|iPhoneSimulator.Build.0 = Release|Any CPU
		{42EC19CC-6928-41F4-980F-8AD0B8FEC399}.AppStore|iPhoneSimulator.Deploy.0 = Release|Any CPU
		{42EC19CC-6928-41F4-980F-8AD0B8FEC399}.AppStore|x64.ActiveCfg = Release|Any CPU
		{42EC19CC-6928-41F4-980F-8AD0B8FEC399}.AppStore|x64.Build.0 = Release|Any CPU
		{42EC19CC-6928-41F4-980F-8AD0B8FEC399}.AppStore|x64.Deploy.0 = Release|Any CPU
		{42EC19CC-6928-41F4-980F-8AD0B8FEC399}.AppStore|x86.ActiveCfg = Release|Any CPU
		{42EC19CC-6928-41F4-980F-8AD0B8FEC399}.AppStore|x86.Build.0 = Release|Any CPU
		{42EC19CC-6928-41F4-980F-8AD0B8FEC399}.AppStore|x86.Deploy.0 = Release|Any CPU
		{42EC19CC-6928-41F4-980F-8AD0B8FEC399}.Debug|Any CPU.ActiveCfg = Debug|Any CPU
		{42EC19CC-6928-41F4-980F-8AD0B8FEC399}.Debug|Any CPU.Build.0 = Debug|Any CPU
		{42EC19CC-6928-41F4-980F-8AD0B8FEC399}.Debug|Any CPU.Deploy.0 = Debug|Any CPU
		{42EC19CC-6928-41F4-980F-8AD0B8FEC399}.Debug|ARM.ActiveCfg = Debug|Any CPU
		{42EC19CC-6928-41F4-980F-8AD0B8FEC399}.Debug|ARM.Build.0 = Debug|Any CPU
		{42EC19CC-6928-41F4-980F-8AD0B8FEC399}.Debug|ARM.Deploy.0 = Debug|Any CPU
		{42EC19CC-6928-41F4-980F-8AD0B8FEC399}.Debug|iPhone.ActiveCfg = Debug|Any CPU
		{42EC19CC-6928-41F4-980F-8AD0B8FEC399}.Debug|iPhone.Build.0 = Debug|Any CPU
		{42EC19CC-6928-41F4-980F-8AD0B8FEC399}.Debug|iPhone.Deploy.0 = Debug|Any CPU
		{42EC19CC-6928-41F4-980F-8AD0B8FEC399}.Debug|iPhoneSimulator.ActiveCfg = Debug|Any CPU
		{42EC19CC-6928-41F4-980F-8AD0B8FEC399}.Debug|iPhoneSimulator.Build.0 = Debug|Any CPU
		{42EC19CC-6928-41F4-980F-8AD0B8FEC399}.Debug|iPhoneSimulator.Deploy.0 = Debug|Any CPU
		{42EC19CC-6928-41F4-980F-8AD0B8FEC399}.Debug|x64.ActiveCfg = Debug|Any CPU
		{42EC19CC-6928-41F4-980F-8AD0B8FEC399}.Debug|x64.Build.0 = Debug|Any CPU
		{42EC19CC-6928-41F4-980F-8AD0B8FEC399}.Debug|x64.Deploy.0 = Debug|Any CPU
		{42EC19CC-6928-41F4-980F-8AD0B8FEC399}.Debug|x86.ActiveCfg = Debug|Any CPU
		{42EC19CC-6928-41F4-980F-8AD0B8FEC399}.Debug|x86.Build.0 = Debug|Any CPU
		{42EC19CC-6928-41F4-980F-8AD0B8FEC399}.Debug|x86.Deploy.0 = Debug|Any CPU
		{42EC19CC-6928-41F4-980F-8AD0B8FEC399}.Release|Any CPU.ActiveCfg = Release|Any CPU
		{42EC19CC-6928-41F4-980F-8AD0B8FEC399}.Release|Any CPU.Build.0 = Release|Any CPU
		{42EC19CC-6928-41F4-980F-8AD0B8FEC399}.Release|Any CPU.Deploy.0 = Release|Any CPU
		{42EC19CC-6928-41F4-980F-8AD0B8FEC399}.Release|ARM.ActiveCfg = Release|Any CPU
		{42EC19CC-6928-41F4-980F-8AD0B8FEC399}.Release|ARM.Build.0 = Release|Any CPU
		{42EC19CC-6928-41F4-980F-8AD0B8FEC399}.Release|ARM.Deploy.0 = Release|Any CPU
		{42EC19CC-6928-41F4-980F-8AD0B8FEC399}.Release|iPhone.ActiveCfg = Release|Any CPU
		{42EC19CC-6928-41F4-980F-8AD0B8FEC399}.Release|iPhone.Build.0 = Release|Any CPU
		{42EC19CC-6928-41F4-980F-8AD0B8FEC399}.Release|iPhone.Deploy.0 = Release|Any CPU
		{42EC19CC-6928-41F4-980F-8AD0B8FEC399}.Release|iPhoneSimulator.ActiveCfg = Release|Any CPU
		{42EC19CC-6928-41F4-980F-8AD0B8FEC399}.Release|iPhoneSimulator.Build.0 = Release|Any CPU
		{42EC19CC-6928-41F4-980F-8AD0B8FEC399}.Release|iPhoneSimulator.Deploy.0 = Release|Any CPU
		{42EC19CC-6928-41F4-980F-8AD0B8FEC399}.Release|x64.ActiveCfg = Release|Any CPU
		{42EC19CC-6928-41F4-980F-8AD0B8FEC399}.Release|x64.Build.0 = Release|Any CPU
		{42EC19CC-6928-41F4-980F-8AD0B8FEC399}.Release|x64.Deploy.0 = Release|Any CPU
		{42EC19CC-6928-41F4-980F-8AD0B8FEC399}.Release|x86.ActiveCfg = Release|Any CPU
		{42EC19CC-6928-41F4-980F-8AD0B8FEC399}.Release|x86.Build.0 = Release|Any CPU
		{42EC19CC-6928-41F4-980F-8AD0B8FEC399}.Release|x86.Deploy.0 = Release|Any CPU
		{42EC19CC-6928-41F4-980F-8AD0B8FEC399}.Stage|Any CPU.ActiveCfg = Release|Any CPU
		{42EC19CC-6928-41F4-980F-8AD0B8FEC399}.Stage|Any CPU.Build.0 = Release|Any CPU
		{42EC19CC-6928-41F4-980F-8AD0B8FEC399}.Stage|Any CPU.Deploy.0 = Release|Any CPU
		{42EC19CC-6928-41F4-980F-8AD0B8FEC399}.Stage|ARM.ActiveCfg = Release|Any CPU
		{42EC19CC-6928-41F4-980F-8AD0B8FEC399}.Stage|ARM.Build.0 = Release|Any CPU
		{42EC19CC-6928-41F4-980F-8AD0B8FEC399}.Stage|ARM.Deploy.0 = Release|Any CPU
		{42EC19CC-6928-41F4-980F-8AD0B8FEC399}.Stage|iPhone.ActiveCfg = Release|Any CPU
		{42EC19CC-6928-41F4-980F-8AD0B8FEC399}.Stage|iPhone.Build.0 = Release|Any CPU
		{42EC19CC-6928-41F4-980F-8AD0B8FEC399}.Stage|iPhone.Deploy.0 = Release|Any CPU
		{42EC19CC-6928-41F4-980F-8AD0B8FEC399}.Stage|iPhoneSimulator.ActiveCfg = Release|Any CPU
		{42EC19CC-6928-41F4-980F-8AD0B8FEC399}.Stage|iPhoneSimulator.Build.0 = Release|Any CPU
		{42EC19CC-6928-41F4-980F-8AD0B8FEC399}.Stage|iPhoneSimulator.Deploy.0 = Release|Any CPU
		{42EC19CC-6928-41F4-980F-8AD0B8FEC399}.Stage|x64.ActiveCfg = Release|Any CPU
		{42EC19CC-6928-41F4-980F-8AD0B8FEC399}.Stage|x64.Build.0 = Release|Any CPU
		{42EC19CC-6928-41F4-980F-8AD0B8FEC399}.Stage|x64.Deploy.0 = Release|Any CPU
		{42EC19CC-6928-41F4-980F-8AD0B8FEC399}.Stage|x86.ActiveCfg = Release|Any CPU
		{42EC19CC-6928-41F4-980F-8AD0B8FEC399}.Stage|x86.Build.0 = Release|Any CPU
		{42EC19CC-6928-41F4-980F-8AD0B8FEC399}.Stage|x86.Deploy.0 = Release|Any CPU
	EndGlobalSection
	GlobalSection(SolutionProperties) = preSolution
		HideSolutionNode = FALSE
	EndGlobalSection
	GlobalSection(ExtensibilityGlobals) = postSolution
		SolutionGuid = {CEB20B6C-D7FF-4EB0-8ACF-5757936C8009}
	EndGlobalSection
EndGlobal
